// !$*UTF8*$!
{
	archiveVersion = 1;
	classes = {
	};
	objectVersion = 55;
	objects = {

/* Begin PBXBuildFile section */
		7F5B313827C0BCE3003D079D /* CritApp.swift in Sources */ = {isa = PBXBuildFile; fileRef = 7F5B313727C0BCE3003D079D /* CritApp.swift */; };
		7F5B313A27C0BCE3003D079D /* ContentView.swift in Sources */ = {isa = PBXBuildFile; fileRef = 7F5B313927C0BCE3003D079D /* ContentView.swift */; };
		7F5B313C27C0BCE6003D079D /* Assets.xcassets in Resources */ = {isa = PBXBuildFile; fileRef = 7F5B313B27C0BCE6003D079D /* Assets.xcassets */; };
		7F5B313F27C0BCE6003D079D /* Preview Assets.xcassets in Resources */ = {isa = PBXBuildFile; fileRef = 7F5B313E27C0BCE6003D079D /* Preview Assets.xcassets */; };
		7F5B314927C0BCE6003D079D /* CritTests.swift in Sources */ = {isa = PBXBuildFile; fileRef = 7F5B314827C0BCE6003D079D /* CritTests.swift */; };
		7F5B315327C0BCE6003D079D /* CritUITests.swift in Sources */ = {isa = PBXBuildFile; fileRef = 7F5B315227C0BCE6003D079D /* CritUITests.swift */; };
		7F5B315527C0BCE6003D079D /* CritUITestsLaunchTests.swift in Sources */ = {isa = PBXBuildFile; fileRef = 7F5B315427C0BCE6003D079D /* CritUITestsLaunchTests.swift */; };
		7F5B316327C0BE8C003D079D /* Race.swift in Sources */ = {isa = PBXBuildFile; fileRef = 7F5B316227C0BE8C003D079D /* Race.swift */; };
		7F5B316727C0BEB9003D079D /* CreatureSize.swift in Sources */ = {isa = PBXBuildFile; fileRef = 7F5B316627C0BEB9003D079D /* CreatureSize.swift */; };
		7F5B316927C0BEC1003D079D /* Subrace.swift in Sources */ = {isa = PBXBuildFile; fileRef = 7F5B316827C0BEC1003D079D /* Subrace.swift */; };
		7F5B316B27C0BEC5003D079D /* Language.swift in Sources */ = {isa = PBXBuildFile; fileRef = 7F5B316A27C0BEC5003D079D /* Language.swift */; };
		7F5B316D27C0BECD003D079D /* Feature.swift in Sources */ = {isa = PBXBuildFile; fileRef = 7F5B316C27C0BECD003D079D /* Feature.swift */; };
		7F5B316F27C0BED4003D079D /* SenseRecord.swift in Sources */ = {isa = PBXBuildFile; fileRef = 7F5B316E27C0BED4003D079D /* SenseRecord.swift */; };
		7F5B317227C0C205003D079D /* Realm in Frameworks */ = {isa = PBXBuildFile; productRef = 7F5B317127C0C205003D079D /* Realm */; };
		7F5B317427C0C205003D079D /* RealmSwift in Frameworks */ = {isa = PBXBuildFile; productRef = 7F5B317327C0C205003D079D /* RealmSwift */; };
		7F5B317627C0C42C003D079D /* Record.swift in Sources */ = {isa = PBXBuildFile; fileRef = 7F5B317527C0C42C003D079D /* Record.swift */; };
		7F5B317A27C15054003D079D /* Source.swift in Sources */ = {isa = PBXBuildFile; fileRef = 7F5B317927C15054003D079D /* Source.swift */; };
		7F5B317C27C15BE6003D079D /* LanguageRecord.swift in Sources */ = {isa = PBXBuildFile; fileRef = 7F5B317B27C15BE6003D079D /* LanguageRecord.swift */; };
		7F5B317F27C15C8C003D079D /* RaceRecord.swift in Sources */ = {isa = PBXBuildFile; fileRef = 7F5B317E27C15C8C003D079D /* RaceRecord.swift */; };
		7F5B318227C15CD8003D079D /* FeatureRecord.swift in Sources */ = {isa = PBXBuildFile; fileRef = 7F5B318127C15CD8003D079D /* FeatureRecord.swift */; };
		7F5B318527C1617B003D079D /* SubraceRecord.swift in Sources */ = {isa = PBXBuildFile; fileRef = 7F5B318427C1617B003D079D /* SubraceRecord.swift */; };
/* End PBXBuildFile section */

/* Begin PBXContainerItemProxy section */
		7F5B314527C0BCE6003D079D /* PBXContainerItemProxy */ = {
			isa = PBXContainerItemProxy;
			containerPortal = 7F5B312C27C0BCE3003D079D /* Project object */;
			proxyType = 1;
			remoteGlobalIDString = 7F5B313327C0BCE3003D079D;
			remoteInfo = Crit;
		};
		7F5B314F27C0BCE6003D079D /* PBXContainerItemProxy */ = {
			isa = PBXContainerItemProxy;
			containerPortal = 7F5B312C27C0BCE3003D079D /* Project object */;
			proxyType = 1;
			remoteGlobalIDString = 7F5B313327C0BCE3003D079D;
			remoteInfo = Crit;
		};
/* End PBXContainerItemProxy section */

/* Begin PBXFileReference section */
		7F5B313427C0BCE3003D079D /* Crit.app */ = {isa = PBXFileReference; explicitFileType = wrapper.application; includeInIndex = 0; path = Crit.app; sourceTree = BUILT_PRODUCTS_DIR; };
		7F5B313727C0BCE3003D079D /* CritApp.swift */ = {isa = PBXFileReference; lastKnownFileType = sourcecode.swift; path = CritApp.swift; sourceTree = "<group>"; };
		7F5B313927C0BCE3003D079D /* ContentView.swift */ = {isa = PBXFileReference; lastKnownFileType = sourcecode.swift; path = ContentView.swift; sourceTree = "<group>"; };
		7F5B313B27C0BCE6003D079D /* Assets.xcassets */ = {isa = PBXFileReference; lastKnownFileType = folder.assetcatalog; path = Assets.xcassets; sourceTree = "<group>"; };
		7F5B313E27C0BCE6003D079D /* Preview Assets.xcassets */ = {isa = PBXFileReference; lastKnownFileType = folder.assetcatalog; path = "Preview Assets.xcassets"; sourceTree = "<group>"; };
		7F5B314427C0BCE6003D079D /* CritTests.xctest */ = {isa = PBXFileReference; explicitFileType = wrapper.cfbundle; includeInIndex = 0; path = CritTests.xctest; sourceTree = BUILT_PRODUCTS_DIR; };
		7F5B314827C0BCE6003D079D /* CritTests.swift */ = {isa = PBXFileReference; lastKnownFileType = sourcecode.swift; path = CritTests.swift; sourceTree = "<group>"; };
		7F5B314E27C0BCE6003D079D /* CritUITests.xctest */ = {isa = PBXFileReference; explicitFileType = wrapper.cfbundle; includeInIndex = 0; path = CritUITests.xctest; sourceTree = BUILT_PRODUCTS_DIR; };
		7F5B315227C0BCE6003D079D /* CritUITests.swift */ = {isa = PBXFileReference; lastKnownFileType = sourcecode.swift; path = CritUITests.swift; sourceTree = "<group>"; };
		7F5B315427C0BCE6003D079D /* CritUITestsLaunchTests.swift */ = {isa = PBXFileReference; lastKnownFileType = sourcecode.swift; path = CritUITestsLaunchTests.swift; sourceTree = "<group>"; };
		7F5B316227C0BE8C003D079D /* Race.swift */ = {isa = PBXFileReference; lastKnownFileType = sourcecode.swift; path = Race.swift; sourceTree = "<group>"; };
		7F5B316627C0BEB9003D079D /* CreatureSize.swift */ = {isa = PBXFileReference; lastKnownFileType = sourcecode.swift; path = CreatureSize.swift; sourceTree = "<group>"; };
		7F5B316827C0BEC1003D079D /* Subrace.swift */ = {isa = PBXFileReference; lastKnownFileType = sourcecode.swift; path = Subrace.swift; sourceTree = "<group>"; };
		7F5B316A27C0BEC5003D079D /* Language.swift */ = {isa = PBXFileReference; lastKnownFileType = sourcecode.swift; path = Language.swift; sourceTree = "<group>"; };
		7F5B316C27C0BECD003D079D /* Feature.swift */ = {isa = PBXFileReference; lastKnownFileType = sourcecode.swift; path = Feature.swift; sourceTree = "<group>"; };
		7F5B316E27C0BED4003D079D /* SenseRecord.swift */ = {isa = PBXFileReference; lastKnownFileType = sourcecode.swift; path = SenseRecord.swift; sourceTree = "<group>"; };
		7F5B317527C0C42C003D079D /* Record.swift */ = {isa = PBXFileReference; lastKnownFileType = sourcecode.swift; path = Record.swift; sourceTree = "<group>"; };
		7F5B317927C15054003D079D /* Source.swift */ = {isa = PBXFileReference; lastKnownFileType = sourcecode.swift; path = Source.swift; sourceTree = "<group>"; };
		7F5B317B27C15BE6003D079D /* LanguageRecord.swift */ = {isa = PBXFileReference; lastKnownFileType = sourcecode.swift; path = LanguageRecord.swift; sourceTree = "<group>"; };
		7F5B317E27C15C8C003D079D /* RaceRecord.swift */ = {isa = PBXFileReference; lastKnownFileType = sourcecode.swift; path = RaceRecord.swift; sourceTree = "<group>"; };
		7F5B318127C15CD8003D079D /* FeatureRecord.swift */ = {isa = PBXFileReference; lastKnownFileType = sourcecode.swift; path = FeatureRecord.swift; sourceTree = "<group>"; };
		7F5B318427C1617B003D079D /* SubraceRecord.swift */ = {isa = PBXFileReference; lastKnownFileType = sourcecode.swift; path = SubraceRecord.swift; sourceTree = "<group>"; };
/* End PBXFileReference section */

/* Begin PBXFrameworksBuildPhase section */
		7F5B313127C0BCE3003D079D /* Frameworks */ = {
			isa = PBXFrameworksBuildPhase;
			buildActionMask = 2147483647;
			files = (
				7F5B317427C0C205003D079D /* RealmSwift in Frameworks */,
				7F5B317227C0C205003D079D /* Realm in Frameworks */,
			);
			runOnlyForDeploymentPostprocessing = 0;
		};
		7F5B314127C0BCE6003D079D /* Frameworks */ = {
			isa = PBXFrameworksBuildPhase;
			buildActionMask = 2147483647;
			files = (
			);
			runOnlyForDeploymentPostprocessing = 0;
		};
		7F5B314B27C0BCE6003D079D /* Frameworks */ = {
			isa = PBXFrameworksBuildPhase;
			buildActionMask = 2147483647;
			files = (
			);
			runOnlyForDeploymentPostprocessing = 0;
		};
/* End PBXFrameworksBuildPhase section */

/* Begin PBXGroup section */
		7F5B312B27C0BCE3003D079D = {
			isa = PBXGroup;
			children = (
				7F5B313627C0BCE3003D079D /* Crit */,
				7F5B314727C0BCE6003D079D /* CritTests */,
				7F5B315127C0BCE6003D079D /* CritUITests */,
				7F5B313527C0BCE3003D079D /* Products */,
			);
			sourceTree = "<group>";
		};
		7F5B313527C0BCE3003D079D /* Products */ = {
			isa = PBXGroup;
			children = (
				7F5B313427C0BCE3003D079D /* Crit.app */,
				7F5B314427C0BCE6003D079D /* CritTests.xctest */,
				7F5B314E27C0BCE6003D079D /* CritUITests.xctest */,
			);
			name = Products;
			sourceTree = "<group>";
		};
		7F5B313627C0BCE3003D079D /* Crit */ = {
			isa = PBXGroup;
			children = (
				7F5B316127C0BCFD003D079D /* SwiftUI */,
				7F5B316527C0BEAC003D079D /* Design */,
				7F5B316427C0BE92003D079D /* Models */,
			);
			path = Crit;
			sourceTree = "<group>";
		};
		7F5B313D27C0BCE6003D079D /* Preview Content */ = {
			isa = PBXGroup;
			children = (
				7F5B313E27C0BCE6003D079D /* Preview Assets.xcassets */,
			);
			path = "Preview Content";
			sourceTree = "<group>";
		};
		7F5B314727C0BCE6003D079D /* CritTests */ = {
			isa = PBXGroup;
			children = (
				7F5B314827C0BCE6003D079D /* CritTests.swift */,
			);
			path = CritTests;
			sourceTree = "<group>";
		};
		7F5B315127C0BCE6003D079D /* CritUITests */ = {
			isa = PBXGroup;
			children = (
				7F5B315227C0BCE6003D079D /* CritUITests.swift */,
				7F5B315427C0BCE6003D079D /* CritUITestsLaunchTests.swift */,
			);
			path = CritUITests;
			sourceTree = "<group>";
		};
		7F5B316127C0BCFD003D079D /* SwiftUI */ = {
			isa = PBXGroup;
			children = (
				7F5B313D27C0BCE6003D079D /* Preview Content */,
				7F5B313727C0BCE3003D079D /* CritApp.swift */,
				7F5B313927C0BCE3003D079D /* ContentView.swift */,
			);
			path = SwiftUI;
			sourceTree = "<group>";
		};
		7F5B316427C0BE92003D079D /* Models */ = {
			isa = PBXGroup;
			children = (
				7F5B317727C0C435003D079D /* Protocols */,
				7F5B318027C15CA7003D079D /* Race */,
				7F5B316627C0BEB9003D079D /* CreatureSize.swift */,
				7F5B318627C16180003D079D /* Subrace */,
				7F5B317D27C15BF8003D079D /* Language */,
				7F5B318327C15CDD003D079D /* Feature */,
				7F5B316E27C0BED4003D079D /* SenseRecord.swift */,
				7F5B317927C15054003D079D /* Source.swift */,
			);
			path = Models;
			sourceTree = "<group>";
		};
		7F5B316527C0BEAC003D079D /* Design */ = {
			isa = PBXGroup;
			children = (
				7F5B313B27C0BCE6003D079D /* Assets.xcassets */,
			);
			path = Design;
			sourceTree = "<group>";
		};
		7F5B317727C0C435003D079D /* Protocols */ = {
			isa = PBXGroup;
			children = (
				7F5B317527C0C42C003D079D /* Record.swift */,
			);
			path = Protocols;
			sourceTree = "<group>";
		};
		7F5B317D27C15BF8003D079D /* Language */ = {
			isa = PBXGroup;
			children = (
				7F5B316A27C0BEC5003D079D /* Language.swift */,
				7F5B317B27C15BE6003D079D /* LanguageRecord.swift */,
			);
			path = Language;
			sourceTree = "<group>";
		};
		7F5B318027C15CA7003D079D /* Race */ = {
			isa = PBXGroup;
			children = (
				7F5B316227C0BE8C003D079D /* Race.swift */,
				7F5B317E27C15C8C003D079D /* RaceRecord.swift */,
			);
			path = Race;
			sourceTree = "<group>";
		};
		7F5B318327C15CDD003D079D /* Feature */ = {
			isa = PBXGroup;
			children = (
				7F5B316C27C0BECD003D079D /* Feature.swift */,
				7F5B318127C15CD8003D079D /* FeatureRecord.swift */,
			);
			path = Feature;
			sourceTree = "<group>";
		};
		7F5B318627C16180003D079D /* Subrace */ = {
			isa = PBXGroup;
			children = (
				7F5B316827C0BEC1003D079D /* Subrace.swift */,
				7F5B318427C1617B003D079D /* SubraceRecord.swift */,
			);
			path = Subrace;
			sourceTree = "<group>";
		};
/* End PBXGroup section */

/* Begin PBXNativeTarget section */
		7F5B313327C0BCE3003D079D /* Crit */ = {
			isa = PBXNativeTarget;
			buildConfigurationList = 7F5B315827C0BCE6003D079D /* Build configuration list for PBXNativeTarget "Crit" */;
			buildPhases = (
				7F5B317827C0CC1D003D079D /* Swift Lint */,
				7F5B313027C0BCE3003D079D /* Sources */,
				7F5B313127C0BCE3003D079D /* Frameworks */,
				7F5B313227C0BCE3003D079D /* Resources */,
			);
			buildRules = (
			);
			dependencies = (
			);
			name = Crit;
			packageProductDependencies = (
				7F5B317127C0C205003D079D /* Realm */,
				7F5B317327C0C205003D079D /* RealmSwift */,
			);
			productName = Crit;
			productReference = 7F5B313427C0BCE3003D079D /* Crit.app */;
			productType = "com.apple.product-type.application";
		};
		7F5B314327C0BCE6003D079D /* CritTests */ = {
			isa = PBXNativeTarget;
			buildConfigurationList = 7F5B315B27C0BCE6003D079D /* Build configuration list for PBXNativeTarget "CritTests" */;
			buildPhases = (
				7F5B314027C0BCE6003D079D /* Sources */,
				7F5B314127C0BCE6003D079D /* Frameworks */,
				7F5B314227C0BCE6003D079D /* Resources */,
			);
			buildRules = (
			);
			dependencies = (
				7F5B314627C0BCE6003D079D /* PBXTargetDependency */,
			);
			name = CritTests;
			productName = CritTests;
			productReference = 7F5B314427C0BCE6003D079D /* CritTests.xctest */;
			productType = "com.apple.product-type.bundle.unit-test";
		};
		7F5B314D27C0BCE6003D079D /* CritUITests */ = {
			isa = PBXNativeTarget;
			buildConfigurationList = 7F5B315E27C0BCE6003D079D /* Build configuration list for PBXNativeTarget "CritUITests" */;
			buildPhases = (
				7F5B314A27C0BCE6003D079D /* Sources */,
				7F5B314B27C0BCE6003D079D /* Frameworks */,
				7F5B314C27C0BCE6003D079D /* Resources */,
			);
			buildRules = (
			);
			dependencies = (
				7F5B315027C0BCE6003D079D /* PBXTargetDependency */,
			);
			name = CritUITests;
			productName = CritUITests;
			productReference = 7F5B314E27C0BCE6003D079D /* CritUITests.xctest */;
			productType = "com.apple.product-type.bundle.ui-testing";
		};
/* End PBXNativeTarget section */

/* Begin PBXProject section */
		7F5B312C27C0BCE3003D079D /* Project object */ = {
			isa = PBXProject;
			attributes = {
				BuildIndependentTargetsInParallel = 1;
				LastSwiftUpdateCheck = 1320;
				LastUpgradeCheck = 1320;
				TargetAttributes = {
					7F5B313327C0BCE3003D079D = {
						CreatedOnToolsVersion = 13.2.1;
					};
					7F5B314327C0BCE6003D079D = {
						CreatedOnToolsVersion = 13.2.1;
						TestTargetID = 7F5B313327C0BCE3003D079D;
					};
					7F5B314D27C0BCE6003D079D = {
						CreatedOnToolsVersion = 13.2.1;
						TestTargetID = 7F5B313327C0BCE3003D079D;
					};
				};
			};
			buildConfigurationList = 7F5B312F27C0BCE3003D079D /* Build configuration list for PBXProject "Crit" */;
			compatibilityVersion = "Xcode 13.0";
			developmentRegion = en;
			hasScannedForEncodings = 0;
			knownRegions = (
				en,
				Base,
			);
			mainGroup = 7F5B312B27C0BCE3003D079D;
			packageReferences = (
				7F5B317027C0C205003D079D /* XCRemoteSwiftPackageReference "realm-swift" */,
			);
			productRefGroup = 7F5B313527C0BCE3003D079D /* Products */;
			projectDirPath = "";
			projectRoot = "";
			targets = (
				7F5B313327C0BCE3003D079D /* Crit */,
				7F5B314327C0BCE6003D079D /* CritTests */,
				7F5B314D27C0BCE6003D079D /* CritUITests */,
			);
		};
/* End PBXProject section */

/* Begin PBXResourcesBuildPhase section */
		7F5B313227C0BCE3003D079D /* Resources */ = {
			isa = PBXResourcesBuildPhase;
			buildActionMask = 2147483647;
			files = (
				7F5B313F27C0BCE6003D079D /* Preview Assets.xcassets in Resources */,
				7F5B313C27C0BCE6003D079D /* Assets.xcassets in Resources */,
			);
			runOnlyForDeploymentPostprocessing = 0;
		};
		7F5B314227C0BCE6003D079D /* Resources */ = {
			isa = PBXResourcesBuildPhase;
			buildActionMask = 2147483647;
			files = (
			);
			runOnlyForDeploymentPostprocessing = 0;
		};
		7F5B314C27C0BCE6003D079D /* Resources */ = {
			isa = PBXResourcesBuildPhase;
			buildActionMask = 2147483647;
			files = (
			);
			runOnlyForDeploymentPostprocessing = 0;
		};
/* End PBXResourcesBuildPhase section */

/* Begin PBXShellScriptBuildPhase section */
		7F5B317827C0CC1D003D079D /* Swift Lint */ = {
			isa = PBXShellScriptBuildPhase;
			buildActionMask = 2147483647;
			files = (
			);
			inputFileListPaths = (
			);
			inputPaths = (
			);
			name = "Swift Lint";
			outputFileListPaths = (
			);
			outputPaths = (
			);
			runOnlyForDeploymentPostprocessing = 0;
			shellPath = /bin/sh;
			shellScript = "export PATH=\"$PATH:/opt/homebrew/bin\"\n\nif which swiftlint >/dev/null; then\n  swiftlint\nelse\n  echo \"warning: SwiftLint not installed, download from https://github.com/realm/SwiftLint\"\nfi\n";
		};
/* End PBXShellScriptBuildPhase section */

/* Begin PBXSourcesBuildPhase section */
		7F5B313027C0BCE3003D079D /* Sources */ = {
			isa = PBXSourcesBuildPhase;
			buildActionMask = 2147483647;
			files = (
				7F5B318527C1617B003D079D /* SubraceRecord.swift in Sources */,
				7F5B313A27C0BCE3003D079D /* ContentView.swift in Sources */,
				7F5B316D27C0BECD003D079D /* Feature.swift in Sources */,
				7F5B317627C0C42C003D079D /* Record.swift in Sources */,
				7F5B316327C0BE8C003D079D /* Race.swift in Sources */,
				7F5B318227C15CD8003D079D /* FeatureRecord.swift in Sources */,
				7F5B313827C0BCE3003D079D /* CritApp.swift in Sources */,
				7F5B316F27C0BED4003D079D /* SenseRecord.swift in Sources */,
				7F5B316B27C0BEC5003D079D /* Language.swift in Sources */,
				7F5B317C27C15BE6003D079D /* LanguageRecord.swift in Sources */,
				7F5B316927C0BEC1003D079D /* Subrace.swift in Sources */,
				7F5B317F27C15C8C003D079D /* RaceRecord.swift in Sources */,
				7F5B317A27C15054003D079D /* Source.swift in Sources */,
				7F5B316727C0BEB9003D079D /* CreatureSize.swift in Sources */,
			);
			runOnlyForDeploymentPostprocessing = 0;
		};
		7F5B314027C0BCE6003D079D /* Sources */ = {
			isa = PBXSourcesBuildPhase;
			buildActionMask = 2147483647;
			files = (
				7F5B314927C0BCE6003D079D /* CritTests.swift in Sources */,
			);
			runOnlyForDeploymentPostprocessing = 0;
		};
		7F5B314A27C0BCE6003D079D /* Sources */ = {
			isa = PBXSourcesBuildPhase;
			buildActionMask = 2147483647;
			files = (
				7F5B315527C0BCE6003D079D /* CritUITestsLaunchTests.swift in Sources */,
				7F5B315327C0BCE6003D079D /* CritUITests.swift in Sources */,
			);
			runOnlyForDeploymentPostprocessing = 0;
		};
/* End PBXSourcesBuildPhase section */

/* Begin PBXTargetDependency section */
		7F5B314627C0BCE6003D079D /* PBXTargetDependency */ = {
			isa = PBXTargetDependency;
			target = 7F5B313327C0BCE3003D079D /* Crit */;
			targetProxy = 7F5B314527C0BCE6003D079D /* PBXContainerItemProxy */;
		};
		7F5B315027C0BCE6003D079D /* PBXTargetDependency */ = {
			isa = PBXTargetDependency;
			target = 7F5B313327C0BCE3003D079D /* Crit */;
			targetProxy = 7F5B314F27C0BCE6003D079D /* PBXContainerItemProxy */;
		};
/* End PBXTargetDependency section */

/* Begin XCBuildConfiguration section */
		7F5B315627C0BCE6003D079D /* Debug */ = {
			isa = XCBuildConfiguration;
			buildSettings = {
				ALWAYS_SEARCH_USER_PATHS = NO;
				CLANG_ANALYZER_NONNULL = YES;
				CLANG_ANALYZER_NUMBER_OBJECT_CONVERSION = YES_AGGRESSIVE;
				CLANG_CXX_LANGUAGE_STANDARD = "gnu++17";
				CLANG_CXX_LIBRARY = "libc++";
				CLANG_ENABLE_MODULES = YES;
				CLANG_ENABLE_OBJC_ARC = YES;
				CLANG_ENABLE_OBJC_WEAK = YES;
				CLANG_WARN_BLOCK_CAPTURE_AUTORELEASING = YES;
				CLANG_WARN_BOOL_CONVERSION = YES;
				CLANG_WARN_COMMA = YES;
				CLANG_WARN_CONSTANT_CONVERSION = YES;
				CLANG_WARN_DEPRECATED_OBJC_IMPLEMENTATIONS = YES;
				CLANG_WARN_DIRECT_OBJC_ISA_USAGE = YES_ERROR;
				CLANG_WARN_DOCUMENTATION_COMMENTS = YES;
				CLANG_WARN_EMPTY_BODY = YES;
				CLANG_WARN_ENUM_CONVERSION = YES;
				CLANG_WARN_INFINITE_RECURSION = YES;
				CLANG_WARN_INT_CONVERSION = YES;
				CLANG_WARN_NON_LITERAL_NULL_CONVERSION = YES;
				CLANG_WARN_OBJC_IMPLICIT_RETAIN_SELF = YES;
				CLANG_WARN_OBJC_LITERAL_CONVERSION = YES;
				CLANG_WARN_OBJC_ROOT_CLASS = YES_ERROR;
				CLANG_WARN_QUOTED_INCLUDE_IN_FRAMEWORK_HEADER = YES;
				CLANG_WARN_RANGE_LOOP_ANALYSIS = YES;
				CLANG_WARN_STRICT_PROTOTYPES = YES;
				CLANG_WARN_SUSPICIOUS_MOVE = YES;
				CLANG_WARN_UNGUARDED_AVAILABILITY = YES_AGGRESSIVE;
				CLANG_WARN_UNREACHABLE_CODE = YES;
				CLANG_WARN__DUPLICATE_METHOD_MATCH = YES;
				COPY_PHASE_STRIP = NO;
				DEBUG_INFORMATION_FORMAT = dwarf;
				ENABLE_STRICT_OBJC_MSGSEND = YES;
				ENABLE_TESTABILITY = YES;
				GCC_C_LANGUAGE_STANDARD = gnu11;
				GCC_DYNAMIC_NO_PIC = NO;
				GCC_NO_COMMON_BLOCKS = YES;
				GCC_OPTIMIZATION_LEVEL = 0;
				GCC_PREPROCESSOR_DEFINITIONS = (
					"DEBUG=1",
					"$(inherited)",
				);
				GCC_WARN_64_TO_32_BIT_CONVERSION = YES;
				GCC_WARN_ABOUT_RETURN_TYPE = YES_ERROR;
				GCC_WARN_UNDECLARED_SELECTOR = YES;
				GCC_WARN_UNINITIALIZED_AUTOS = YES_AGGRESSIVE;
				GCC_WARN_UNUSED_FUNCTION = YES;
				GCC_WARN_UNUSED_VARIABLE = YES;
				IPHONEOS_DEPLOYMENT_TARGET = 15.2;
				MTL_ENABLE_DEBUG_INFO = INCLUDE_SOURCE;
				MTL_FAST_MATH = YES;
				ONLY_ACTIVE_ARCH = YES;
				SDKROOT = iphoneos;
				SWIFT_ACTIVE_COMPILATION_CONDITIONS = DEBUG;
				SWIFT_OPTIMIZATION_LEVEL = "-Onone";
			};
			name = Debug;
		};
		7F5B315727C0BCE6003D079D /* Release */ = {
			isa = XCBuildConfiguration;
			buildSettings = {
				ALWAYS_SEARCH_USER_PATHS = NO;
				CLANG_ANALYZER_NONNULL = YES;
				CLANG_ANALYZER_NUMBER_OBJECT_CONVERSION = YES_AGGRESSIVE;
				CLANG_CXX_LANGUAGE_STANDARD = "gnu++17";
				CLANG_CXX_LIBRARY = "libc++";
				CLANG_ENABLE_MODULES = YES;
				CLANG_ENABLE_OBJC_ARC = YES;
				CLANG_ENABLE_OBJC_WEAK = YES;
				CLANG_WARN_BLOCK_CAPTURE_AUTORELEASING = YES;
				CLANG_WARN_BOOL_CONVERSION = YES;
				CLANG_WARN_COMMA = YES;
				CLANG_WARN_CONSTANT_CONVERSION = YES;
				CLANG_WARN_DEPRECATED_OBJC_IMPLEMENTATIONS = YES;
				CLANG_WARN_DIRECT_OBJC_ISA_USAGE = YES_ERROR;
				CLANG_WARN_DOCUMENTATION_COMMENTS = YES;
				CLANG_WARN_EMPTY_BODY = YES;
				CLANG_WARN_ENUM_CONVERSION = YES;
				CLANG_WARN_INFINITE_RECURSION = YES;
				CLANG_WARN_INT_CONVERSION = YES;
				CLANG_WARN_NON_LITERAL_NULL_CONVERSION = YES;
				CLANG_WARN_OBJC_IMPLICIT_RETAIN_SELF = YES;
				CLANG_WARN_OBJC_LITERAL_CONVERSION = YES;
				CLANG_WARN_OBJC_ROOT_CLASS = YES_ERROR;
				CLANG_WARN_QUOTED_INCLUDE_IN_FRAMEWORK_HEADER = YES;
				CLANG_WARN_RANGE_LOOP_ANALYSIS = YES;
				CLANG_WARN_STRICT_PROTOTYPES = YES;
				CLANG_WARN_SUSPICIOUS_MOVE = YES;
				CLANG_WARN_UNGUARDED_AVAILABILITY = YES_AGGRESSIVE;
				CLANG_WARN_UNREACHABLE_CODE = YES;
				CLANG_WARN__DUPLICATE_METHOD_MATCH = YES;
				COPY_PHASE_STRIP = NO;
				DEBUG_INFORMATION_FORMAT = "dwarf-with-dsym";
				ENABLE_NS_ASSERTIONS = NO;
				ENABLE_STRICT_OBJC_MSGSEND = YES;
				GCC_C_LANGUAGE_STANDARD = gnu11;
				GCC_NO_COMMON_BLOCKS = YES;
				GCC_WARN_64_TO_32_BIT_CONVERSION = YES;
				GCC_WARN_ABOUT_RETURN_TYPE = YES_ERROR;
				GCC_WARN_UNDECLARED_SELECTOR = YES;
				GCC_WARN_UNINITIALIZED_AUTOS = YES_AGGRESSIVE;
				GCC_WARN_UNUSED_FUNCTION = YES;
				GCC_WARN_UNUSED_VARIABLE = YES;
				IPHONEOS_DEPLOYMENT_TARGET = 15.2;
				MTL_ENABLE_DEBUG_INFO = NO;
				MTL_FAST_MATH = YES;
				SDKROOT = iphoneos;
				SWIFT_COMPILATION_MODE = wholemodule;
				SWIFT_OPTIMIZATION_LEVEL = "-O";
				VALIDATE_PRODUCT = YES;
			};
			name = Release;
		};
		7F5B315927C0BCE6003D079D /* Debug */ = {
			isa = XCBuildConfiguration;
			buildSettings = {
				ASSETCATALOG_COMPILER_APPICON_NAME = AppIcon;
				ASSETCATALOG_COMPILER_GLOBAL_ACCENT_COLOR_NAME = AccentColor;
				CODE_SIGN_STYLE = Automatic;
				CURRENT_PROJECT_VERSION = 1;
				DEVELOPMENT_ASSET_PATHS = "\"Crit/SwiftUI/Preview Content\"";
				DEVELOPMENT_TEAM = VNA55J4REY;
				ENABLE_PREVIEWS = YES;
				GENERATE_INFOPLIST_FILE = YES;
				INFOPLIST_KEY_UIApplicationSceneManifest_Generation = YES;
				INFOPLIST_KEY_UIApplicationSupportsIndirectInputEvents = YES;
				INFOPLIST_KEY_UILaunchScreen_Generation = YES;
				INFOPLIST_KEY_UISupportedInterfaceOrientations_iPad = "UIInterfaceOrientationPortrait UIInterfaceOrientationPortraitUpsideDown UIInterfaceOrientationLandscapeLeft UIInterfaceOrientationLandscapeRight";
				INFOPLIST_KEY_UISupportedInterfaceOrientations_iPhone = "UIInterfaceOrientationPortrait UIInterfaceOrientationLandscapeLeft UIInterfaceOrientationLandscapeRight";
				LD_RUNPATH_SEARCH_PATHS = (
					"$(inherited)",
					"@executable_path/Frameworks",
				);
				MARKETING_VERSION = 1.0;
				PRODUCT_BUNDLE_IDENTIFIER = com.ikemattice.Crit;
				PRODUCT_NAME = "$(TARGET_NAME)";
				SWIFT_EMIT_LOC_STRINGS = YES;
				SWIFT_VERSION = 5.0;
				TARGETED_DEVICE_FAMILY = "1,2";
			};
			name = Debug;
		};
		7F5B315A27C0BCE6003D079D /* Release */ = {
			isa = XCBuildConfiguration;
			buildSettings = {
				ASSETCATALOG_COMPILER_APPICON_NAME = AppIcon;
				ASSETCATALOG_COMPILER_GLOBAL_ACCENT_COLOR_NAME = AccentColor;
				CODE_SIGN_STYLE = Automatic;
				CURRENT_PROJECT_VERSION = 1;
				DEVELOPMENT_ASSET_PATHS = "\"Crit/SwiftUI/Preview Content\"";
				DEVELOPMENT_TEAM = VNA55J4REY;
				ENABLE_PREVIEWS = YES;
				GENERATE_INFOPLIST_FILE = YES;
				INFOPLIST_KEY_UIApplicationSceneManifest_Generation = YES;
				INFOPLIST_KEY_UIApplicationSupportsIndirectInputEvents = YES;
				INFOPLIST_KEY_UILaunchScreen_Generation = YES;
				INFOPLIST_KEY_UISupportedInterfaceOrientations_iPad = "UIInterfaceOrientationPortrait UIInterfaceOrientationPortraitUpsideDown UIInterfaceOrientationLandscapeLeft UIInterfaceOrientationLandscapeRight";
				INFOPLIST_KEY_UISupportedInterfaceOrientations_iPhone = "UIInterfaceOrientationPortrait UIInterfaceOrientationLandscapeLeft UIInterfaceOrientationLandscapeRight";
				LD_RUNPATH_SEARCH_PATHS = (
					"$(inherited)",
					"@executable_path/Frameworks",
				);
				MARKETING_VERSION = 1.0;
				PRODUCT_BUNDLE_IDENTIFIER = com.ikemattice.Crit;
				PRODUCT_NAME = "$(TARGET_NAME)";
				SWIFT_EMIT_LOC_STRINGS = YES;
				SWIFT_VERSION = 5.0;
				TARGETED_DEVICE_FAMILY = "1,2";
			};
			name = Release;
		};
		7F5B315C27C0BCE6003D079D /* Debug */ = {
			isa = XCBuildConfiguration;
			buildSettings = {
				ALWAYS_EMBED_SWIFT_STANDARD_LIBRARIES = YES;
				BUNDLE_LOADER = "$(TEST_HOST)";
				CODE_SIGN_STYLE = Automatic;
				CURRENT_PROJECT_VERSION = 1;
				DEVELOPMENT_TEAM = VNA55J4REY;
				GENERATE_INFOPLIST_FILE = YES;
				IPHONEOS_DEPLOYMENT_TARGET = 15.2;
				MARKETING_VERSION = 1.0;
				PRODUCT_BUNDLE_IDENTIFIER = com.ikemattice.CritTests;
				PRODUCT_NAME = "$(TARGET_NAME)";
				SWIFT_EMIT_LOC_STRINGS = NO;
				SWIFT_VERSION = 5.0;
				TARGETED_DEVICE_FAMILY = "1,2";
				TEST_HOST = "$(BUILT_PRODUCTS_DIR)/Crit.app/Crit";
			};
			name = Debug;
		};
		7F5B315D27C0BCE6003D079D /* Release */ = {
			isa = XCBuildConfiguration;
			buildSettings = {
				ALWAYS_EMBED_SWIFT_STANDARD_LIBRARIES = YES;
				BUNDLE_LOADER = "$(TEST_HOST)";
				CODE_SIGN_STYLE = Automatic;
				CURRENT_PROJECT_VERSION = 1;
				DEVELOPMENT_TEAM = VNA55J4REY;
				GENERATE_INFOPLIST_FILE = YES;
				IPHONEOS_DEPLOYMENT_TARGET = 15.2;
				MARKETING_VERSION = 1.0;
				PRODUCT_BUNDLE_IDENTIFIER = com.ikemattice.CritTests;
				PRODUCT_NAME = "$(TARGET_NAME)";
				SWIFT_EMIT_LOC_STRINGS = NO;
				SWIFT_VERSION = 5.0;
				TARGETED_DEVICE_FAMILY = "1,2";
				TEST_HOST = "$(BUILT_PRODUCTS_DIR)/Crit.app/Crit";
			};
			name = Release;
		};
		7F5B315F27C0BCE6003D079D /* Debug */ = {
			isa = XCBuildConfiguration;
			buildSettings = {
				ALWAYS_EMBED_SWIFT_STANDARD_LIBRARIES = YES;
				CODE_SIGN_STYLE = Automatic;
				CURRENT_PROJECT_VERSION = 1;
				DEVELOPMENT_TEAM = VNA55J4REY;
				GENERATE_INFOPLIST_FILE = YES;
				MARKETING_VERSION = 1.0;
				PRODUCT_BUNDLE_IDENTIFIER = com.ikemattice.CritUITests;
				PRODUCT_NAME = "$(TARGET_NAME)";
				SWIFT_EMIT_LOC_STRINGS = NO;
				SWIFT_VERSION = 5.0;
				TARGETED_DEVICE_FAMILY = "1,2";
				TEST_TARGET_NAME = Crit;
			};
			name = Debug;
		};
		7F5B316027C0BCE6003D079D /* Release */ = {
			isa = XCBuildConfiguration;
			buildSettings = {
				ALWAYS_EMBED_SWIFT_STANDARD_LIBRARIES = YES;
				CODE_SIGN_STYLE = Automatic;
				CURRENT_PROJECT_VERSION = 1;
				DEVELOPMENT_TEAM = VNA55J4REY;
				GENERATE_INFOPLIST_FILE = YES;
				MARKETING_VERSION = 1.0;
				PRODUCT_BUNDLE_IDENTIFIER = com.ikemattice.CritUITests;
				PRODUCT_NAME = "$(TARGET_NAME)";
				SWIFT_EMIT_LOC_STRINGS = NO;
				SWIFT_VERSION = 5.0;
				TARGETED_DEVICE_FAMILY = "1,2";
				TEST_TARGET_NAME = Crit;
			};
			name = Release;
		};
/* End XCBuildConfiguration section */

/* Begin XCConfigurationList section */
		7F5B312F27C0BCE3003D079D /* Build configuration list for PBXProject "Crit" */ = {
			isa = XCConfigurationList;
			buildConfigurations = (
				7F5B315627C0BCE6003D079D /* Debug */,
				7F5B315727C0BCE6003D079D /* Release */,
			);
			defaultConfigurationIsVisible = 0;
			defaultConfigurationName = Release;
		};
		7F5B315827C0BCE6003D079D /* Build configuration list for PBXNativeTarget "Crit" */ = {
			isa = XCConfigurationList;
			buildConfigurations = (
				7F5B315927C0BCE6003D079D /* Debug */,
				7F5B315A27C0BCE6003D079D /* Release */,
			);
			defaultConfigurationIsVisible = 0;
			defaultConfigurationName = Release;
		};
		7F5B315B27C0BCE6003D079D /* Build configuration list for PBXNativeTarget "CritTests" */ = {
			isa = XCConfigurationList;
			buildConfigurations = (
				7F5B315C27C0BCE6003D079D /* Debug */,
				7F5B315D27C0BCE6003D079D /* Release */,
			);
			defaultConfigurationIsVisible = 0;
			defaultConfigurationName = Release;
		};
		7F5B315E27C0BCE6003D079D /* Build configuration list for PBXNativeTarget "CritUITests" */ = {
			isa = XCConfigurationList;
			buildConfigurations = (
				7F5B315F27C0BCE6003D079D /* Debug */,
				7F5B316027C0BCE6003D079D /* Release */,
			);
			defaultConfigurationIsVisible = 0;
			defaultConfigurationName = Release;
		};
/* End XCConfigurationList section */

/* Begin XCRemoteSwiftPackageReference section */
		7F5B317027C0C205003D079D /* XCRemoteSwiftPackageReference "realm-swift" */ = {
			isa = XCRemoteSwiftPackageReference;
			repositoryURL = "https://github.com/realm/realm-swift.git";
			requirement = {
				kind = upToNextMajorVersion;
				minimumVersion = 10.0.0;
			};
		};
/* End XCRemoteSwiftPackageReference section */

/* Begin XCSwiftPackageProductDependency section */
		7F5B317127C0C205003D079D /* Realm */ = {
			isa = XCSwiftPackageProductDependency;
			package = 7F5B317027C0C205003D079D /* XCRemoteSwiftPackageReference "realm-swift" */;
			productName = Realm;
		};
		7F5B317327C0C205003D079D /* RealmSwift */ = {
			isa = XCSwiftPackageProductDependency;
			package = 7F5B317027C0C205003D079D /* XCRemoteSwiftPackageReference "realm-swift" */;
			productName = RealmSwift;
		};
/* End XCSwiftPackageProductDependency section */
	};
	rootObject = 7F5B312C27C0BCE3003D079D /* Project object */;
}
