// !$*UTF8*$!
{
	archiveVersion = 1;
	classes = {
	};
	objectVersion = 55;
	objects = {

/* Begin PBXBuildFile section */
		7F57E1F127D0A19000EBB5ED /* Array.swift in Sources */ = {isa = PBXBuildFile; fileRef = 7F57E1F027D0A19000EBB5ED /* Array.swift */; };
		7F57E1F727D0A49000EBB5ED /* SearchResultCell.swift in Sources */ = {isa = PBXBuildFile; fileRef = 7F57E1F627D0A49000EBB5ED /* SearchResultCell.swift */; };
		7F57E1F927D51BE000EBB5ED /* LanguageRecordDetailScreen.swift in Sources */ = {isa = PBXBuildFile; fileRef = 7F57E1F827D51BE000EBB5ED /* LanguageRecordDetailScreen.swift */; };
		7F57E1FD27D51C5400EBB5ED /* Constant.swift in Sources */ = {isa = PBXBuildFile; fileRef = 7F57E1FC27D51C5400EBB5ED /* Constant.swift */; };
		7F57E20427D51D7900EBB5ED /* AccessibilityTextPreview.swift in Sources */ = {isa = PBXBuildFile; fileRef = 7F57E1FF27D51D7900EBB5ED /* AccessibilityTextPreview.swift */; };
		7F57E20527D51D7900EBB5ED /* iOSDevice.swift in Sources */ = {isa = PBXBuildFile; fileRef = 7F57E20027D51D7900EBB5ED /* iOSDevice.swift */; };
		7F57E20627D51D7900EBB5ED /* OrientationPreview.swift in Sources */ = {isa = PBXBuildFile; fileRef = 7F57E20127D51D7900EBB5ED /* OrientationPreview.swift */; };
		7F57E20727D51D7900EBB5ED /* DevicePreview.swift in Sources */ = {isa = PBXBuildFile; fileRef = 7F57E20227D51D7900EBB5ED /* DevicePreview.swift */; };
		7F57E20827D51D7900EBB5ED /* ColorSchemePreview.swift in Sources */ = {isa = PBXBuildFile; fileRef = 7F57E20327D51D7900EBB5ED /* ColorSchemePreview.swift */; };
		7F57E20A27D51F9E00EBB5ED /* DescriptiveTitleDisplayView.swift in Sources */ = {isa = PBXBuildFile; fileRef = 7F57E20927D51F9E00EBB5ED /* DescriptiveTitleDisplayView.swift */; };
		7F57E20C27D5288800EBB5ED /* CollapsableText.swift in Sources */ = {isa = PBXBuildFile; fileRef = 7F57E20B27D5288800EBB5ED /* CollapsableText.swift */; };
		7F57E20E27D53CB200EBB5ED /* CircularFramedImage.swift in Sources */ = {isa = PBXBuildFile; fileRef = 7F57E20D27D53CB200EBB5ED /* CircularFramedImage.swift */; };
		7F57E21127D53FBD00EBB5ED /* DetailSection.swift in Sources */ = {isa = PBXBuildFile; fileRef = 7F57E21027D53FBD00EBB5ED /* DetailSection.swift */; };
		7F57E21327D582C900EBB5ED /* CircularFramedText.swift in Sources */ = {isa = PBXBuildFile; fileRef = 7F57E21227D582C900EBB5ED /* CircularFramedText.swift */; };
		7F57E21527D582E500EBB5ED /* FrameViewModel.swift in Sources */ = {isa = PBXBuildFile; fileRef = 7F57E21427D582E500EBB5ED /* FrameViewModel.swift */; };
		7F57E21827D586F000EBB5ED /* TitledCircularFramedText.swift in Sources */ = {isa = PBXBuildFile; fileRef = 7F57E21727D586F000EBB5ED /* TitledCircularFramedText.swift */; };
		7F57E21D27D5E4D600EBB5ED /* TextDisplay.swift in Sources */ = {isa = PBXBuildFile; fileRef = 7F57E21C27D5E4D600EBB5ED /* TextDisplay.swift */; };
		7F57E21F27E1150A00EBB5ED /* RecordDetailView.swift in Sources */ = {isa = PBXBuildFile; fileRef = 7F57E21E27E1150A00EBB5ED /* RecordDetailView.swift */; };
		7F57E22127E11B7A00EBB5ED /* PreviewDataProvider.swift in Sources */ = {isa = PBXBuildFile; fileRef = 7F57E22027E11B7A00EBB5ED /* PreviewDataProvider.swift */; };
		7F57E22327E1200C00EBB5ED /* RecordType.swift in Sources */ = {isa = PBXBuildFile; fileRef = 7F57E22227E1200C00EBB5ED /* RecordType.swift */; };
		7F57E22527E1253200EBB5ED /* DetailSubsection.swift in Sources */ = {isa = PBXBuildFile; fileRef = 7F57E22427E1253200EBB5ED /* DetailSubsection.swift */; };
		7F57E22827E12B5700EBB5ED /* SubraceRecordDetailScreen.swift in Sources */ = {isa = PBXBuildFile; fileRef = 7F57E22727E12B5700EBB5ED /* SubraceRecordDetailScreen.swift */; };
		7F57E22D27E593FE00EBB5ED /* BorderedText.swift in Sources */ = {isa = PBXBuildFile; fileRef = 7F57E22C27E593FE00EBB5ED /* BorderedText.swift */; };
		7F5B313827C0BCE3003D079D /* CritApp.swift in Sources */ = {isa = PBXBuildFile; fileRef = 7F5B313727C0BCE3003D079D /* CritApp.swift */; };
		7F5B313A27C0BCE3003D079D /* RecordsSearchScreen.swift in Sources */ = {isa = PBXBuildFile; fileRef = 7F5B313927C0BCE3003D079D /* RecordsSearchScreen.swift */; };
		7F5B313C27C0BCE6003D079D /* Assets.xcassets in Resources */ = {isa = PBXBuildFile; fileRef = 7F5B313B27C0BCE6003D079D /* Assets.xcassets */; };
		7F5B313F27C0BCE6003D079D /* Preview Assets.xcassets in Resources */ = {isa = PBXBuildFile; fileRef = 7F5B313E27C0BCE6003D079D /* Preview Assets.xcassets */; };
		7F5B314927C0BCE6003D079D /* CritTests.swift in Sources */ = {isa = PBXBuildFile; fileRef = 7F5B314827C0BCE6003D079D /* CritTests.swift */; };
		7F5B315327C0BCE6003D079D /* CritUITests.swift in Sources */ = {isa = PBXBuildFile; fileRef = 7F5B315227C0BCE6003D079D /* CritUITests.swift */; };
		7F5B315527C0BCE6003D079D /* CritUITestsLaunchTests.swift in Sources */ = {isa = PBXBuildFile; fileRef = 7F5B315427C0BCE6003D079D /* CritUITestsLaunchTests.swift */; };
		7F5B316727C0BEB9003D079D /* CreatureSize.swift in Sources */ = {isa = PBXBuildFile; fileRef = 7F5B316627C0BEB9003D079D /* CreatureSize.swift */; };
		7F5B316F27C0BED4003D079D /* Sense.swift in Sources */ = {isa = PBXBuildFile; fileRef = 7F5B316E27C0BED4003D079D /* Sense.swift */; };
		7F5B317227C0C205003D079D /* Realm in Frameworks */ = {isa = PBXBuildFile; productRef = 7F5B317127C0C205003D079D /* Realm */; };
		7F5B317427C0C205003D079D /* RealmSwift in Frameworks */ = {isa = PBXBuildFile; productRef = 7F5B317327C0C205003D079D /* RealmSwift */; };
		7F5B317627C0C42C003D079D /* Record.swift in Sources */ = {isa = PBXBuildFile; fileRef = 7F5B317527C0C42C003D079D /* Record.swift */; };
		7F5B317A27C15054003D079D /* Source.swift in Sources */ = {isa = PBXBuildFile; fileRef = 7F5B317927C15054003D079D /* Source.swift */; };
		7F5B317C27C15BE6003D079D /* LanguageRecord.swift in Sources */ = {isa = PBXBuildFile; fileRef = 7F5B317B27C15BE6003D079D /* LanguageRecord.swift */; };
		7F5B317F27C15C8C003D079D /* RaceRecord.swift in Sources */ = {isa = PBXBuildFile; fileRef = 7F5B317E27C15C8C003D079D /* RaceRecord.swift */; };
		7F5B318227C15CD8003D079D /* Feature.swift in Sources */ = {isa = PBXBuildFile; fileRef = 7F5B318127C15CD8003D079D /* Feature.swift */; };
		7F5B318527C1617B003D079D /* SubraceRecord.swift in Sources */ = {isa = PBXBuildFile; fileRef = 7F5B318427C1617B003D079D /* SubraceRecord.swift */; };
		7F5B318827C3F5F5003D079D /* AppSettingsScreen.swift in Sources */ = {isa = PBXBuildFile; fileRef = 7F5B318727C3F5F5003D079D /* AppSettingsScreen.swift */; };
		7F612F8327C403AB00C37867 /* languages.json in Resources */ = {isa = PBXBuildFile; fileRef = 7F612F6D27C403AB00C37867 /* languages.json */; };
		7F612F8427C403AB00C37867 /* weapons.json in Resources */ = {isa = PBXBuildFile; fileRef = 7F612F6E27C403AB00C37867 /* weapons.json */; };
		7F612F8527C403AB00C37867 /* traps.json in Resources */ = {isa = PBXBuildFile; fileRef = 7F612F6F27C403AB00C37867 /* traps.json */; };
		7F612F8627C403AB00C37867 /* races.json in Resources */ = {isa = PBXBuildFile; fileRef = 7F612F7027C403AB00C37867 /* races.json */; };
		7F612F8727C403AB00C37867 /* feats.json in Resources */ = {isa = PBXBuildFile; fileRef = 7F612F7127C403AB00C37867 /* feats.json */; };
		7F612F8827C403AB00C37867 /* magicitems.json in Resources */ = {isa = PBXBuildFile; fileRef = 7F612F7227C403AB00C37867 /* magicitems.json */; };
		7F612F8927C403AB00C37867 /* items.json in Resources */ = {isa = PBXBuildFile; fileRef = 7F612F7327C403AB00C37867 /* items.json */; };
		7F612F8A27C403AB00C37867 /* conditions.json in Resources */ = {isa = PBXBuildFile; fileRef = 7F612F7427C403AB00C37867 /* conditions.json */; };
		7F612F8B27C403AB00C37867 /* tools.json in Resources */ = {isa = PBXBuildFile; fileRef = 7F612F7527C403AB00C37867 /* tools.json */; };
		7F612F8C27C403AB00C37867 /* classes.json in Resources */ = {isa = PBXBuildFile; fileRef = 7F612F7627C403AB00C37867 /* classes.json */; };
		7F612F8D27C403AB00C37867 /* backgrounds.json in Resources */ = {isa = PBXBuildFile; fileRef = 7F612F7727C403AB00C37867 /* backgrounds.json */; };
		7F612F8E27C403AB00C37867 /* packs.json in Resources */ = {isa = PBXBuildFile; fileRef = 7F612F7827C403AB00C37867 /* packs.json */; };
		7F612F8F27C403AB00C37867 /* diseases.json in Resources */ = {isa = PBXBuildFile; fileRef = 7F612F7927C403AB00C37867 /* diseases.json */; };
		7F612F9027C403AB00C37867 /* tables.json in Resources */ = {isa = PBXBuildFile; fileRef = 7F612F7A27C403AB00C37867 /* tables.json */; };
		7F612F9127C403AB00C37867 /* shields.json in Resources */ = {isa = PBXBuildFile; fileRef = 7F612F7B27C403AB00C37867 /* shields.json */; };
		7F612F9227C403AB00C37867 /* subclasses.json in Resources */ = {isa = PBXBuildFile; fileRef = 7F612F7C27C403AB00C37867 /* subclasses.json */; };
		7F612F9327C403AB00C37867 /* rules.json in Resources */ = {isa = PBXBuildFile; fileRef = 7F612F7D27C403AB00C37867 /* rules.json */; };
		7F612F9427C403AB00C37867 /* poisons.json in Resources */ = {isa = PBXBuildFile; fileRef = 7F612F7E27C403AB00C37867 /* poisons.json */; };
		7F612F9527C403AB00C37867 /* subraces.json in Resources */ = {isa = PBXBuildFile; fileRef = 7F612F7F27C403AB00C37867 /* subraces.json */; };
		7F612F9627C403AB00C37867 /* armors.json in Resources */ = {isa = PBXBuildFile; fileRef = 7F612F8027C403AB00C37867 /* armors.json */; };
		7F612F9727C403AB00C37867 /* creatures.json in Resources */ = {isa = PBXBuildFile; fileRef = 7F612F8127C403AB00C37867 /* creatures.json */; };
		7F612F9827C403AB00C37867 /* spells.json in Resources */ = {isa = PBXBuildFile; fileRef = 7F612F8227C403AB00C37867 /* spells.json */; };
		7F612F9A27C40C8100C37867 /* AbilityScoreModifier.swift in Sources */ = {isa = PBXBuildFile; fileRef = 7F612F9927C40C8100C37867 /* AbilityScoreModifier.swift */; };
		7F612F9C27C40CCE00C37867 /* Stat.swift in Sources */ = {isa = PBXBuildFile; fileRef = 7F612F9B27C40CCE00C37867 /* Stat.swift */; };
		7F612F9E27C40F3100C37867 /* AbilityScore.swift in Sources */ = {isa = PBXBuildFile; fileRef = 7F612F9D27C40F3100C37867 /* AbilityScore.swift */; };
		7F612FA227C4406D00C37867 /* ErrorLog.swift in Sources */ = {isa = PBXBuildFile; fileRef = 7F612FA127C4406D00C37867 /* ErrorLog.swift */; };
		7F612FA427C4413200C37867 /* ErrorLogLine.swift in Sources */ = {isa = PBXBuildFile; fileRef = 7F612FA327C4413200C37867 /* ErrorLogLine.swift */; };
		7F6C8B3427CC389B00AA96C0 /* JSONError.swift in Sources */ = {isa = PBXBuildFile; fileRef = 7F6C8B3327CC389A00AA96C0 /* JSONError.swift */; };
		7F70CC7E27E62AD20083F0B9 /* Color.swift in Sources */ = {isa = PBXBuildFile; fileRef = 7F70CC7D27E62AD20083F0B9 /* Color.swift */; };
		7FF62C9C27E6AFE300BA9FAC /* PillView.swift in Sources */ = {isa = PBXBuildFile; fileRef = 7FF62C9B27E6AFE300BA9FAC /* PillView.swift */; };
		7FF62C9E27E6AFF300BA9FAC /* PillState.swift in Sources */ = {isa = PBXBuildFile; fileRef = 7FF62C9D27E6AFF300BA9FAC /* PillState.swift */; };
		7FF62CA227E6CFB600BA9FAC /* PillViewModel.swift in Sources */ = {isa = PBXBuildFile; fileRef = 7FF62CA127E6CFB600BA9FAC /* PillViewModel.swift */; };
		7FF62CA527E6E88F00BA9FAC /* AbilityScoreModifierGrid.swift in Sources */ = {isa = PBXBuildFile; fileRef = 7FF62CA427E6E88F00BA9FAC /* AbilityScoreModifierGrid.swift */; };
/* End PBXBuildFile section */

/* Begin PBXContainerItemProxy section */
		7F5B314527C0BCE6003D079D /* PBXContainerItemProxy */ = {
			isa = PBXContainerItemProxy;
			containerPortal = 7F5B312C27C0BCE3003D079D /* Project object */;
			proxyType = 1;
			remoteGlobalIDString = 7F5B313327C0BCE3003D079D;
			remoteInfo = Crit;
		};
		7F5B314F27C0BCE6003D079D /* PBXContainerItemProxy */ = {
			isa = PBXContainerItemProxy;
			containerPortal = 7F5B312C27C0BCE3003D079D /* Project object */;
			proxyType = 1;
			remoteGlobalIDString = 7F5B313327C0BCE3003D079D;
			remoteInfo = Crit;
		};
/* End PBXContainerItemProxy section */

/* Begin PBXFileReference section */
		7F57E1F027D0A19000EBB5ED /* Array.swift */ = {isa = PBXFileReference; lastKnownFileType = sourcecode.swift; path = Array.swift; sourceTree = "<group>"; };
		7F57E1F627D0A49000EBB5ED /* SearchResultCell.swift */ = {isa = PBXFileReference; lastKnownFileType = sourcecode.swift; path = SearchResultCell.swift; sourceTree = "<group>"; };
		7F57E1F827D51BE000EBB5ED /* LanguageRecordDetailScreen.swift */ = {isa = PBXFileReference; lastKnownFileType = sourcecode.swift; path = LanguageRecordDetailScreen.swift; sourceTree = "<group>"; };
		7F57E1FC27D51C5400EBB5ED /* Constant.swift */ = {isa = PBXFileReference; lastKnownFileType = sourcecode.swift; path = Constant.swift; sourceTree = "<group>"; };
		7F57E1FF27D51D7900EBB5ED /* AccessibilityTextPreview.swift */ = {isa = PBXFileReference; fileEncoding = 4; lastKnownFileType = sourcecode.swift; path = AccessibilityTextPreview.swift; sourceTree = "<group>"; };
		7F57E20027D51D7900EBB5ED /* iOSDevice.swift */ = {isa = PBXFileReference; fileEncoding = 4; lastKnownFileType = sourcecode.swift; path = iOSDevice.swift; sourceTree = "<group>"; };
		7F57E20127D51D7900EBB5ED /* OrientationPreview.swift */ = {isa = PBXFileReference; fileEncoding = 4; lastKnownFileType = sourcecode.swift; path = OrientationPreview.swift; sourceTree = "<group>"; };
		7F57E20227D51D7900EBB5ED /* DevicePreview.swift */ = {isa = PBXFileReference; fileEncoding = 4; lastKnownFileType = sourcecode.swift; path = DevicePreview.swift; sourceTree = "<group>"; };
		7F57E20327D51D7900EBB5ED /* ColorSchemePreview.swift */ = {isa = PBXFileReference; fileEncoding = 4; lastKnownFileType = sourcecode.swift; path = ColorSchemePreview.swift; sourceTree = "<group>"; };
		7F57E20927D51F9E00EBB5ED /* DescriptiveTitleDisplayView.swift */ = {isa = PBXFileReference; lastKnownFileType = sourcecode.swift; path = DescriptiveTitleDisplayView.swift; sourceTree = "<group>"; };
		7F57E20B27D5288800EBB5ED /* CollapsableText.swift */ = {isa = PBXFileReference; lastKnownFileType = sourcecode.swift; path = CollapsableText.swift; sourceTree = "<group>"; };
		7F57E20D27D53CB200EBB5ED /* CircularFramedImage.swift */ = {isa = PBXFileReference; lastKnownFileType = sourcecode.swift; path = CircularFramedImage.swift; sourceTree = "<group>"; };
		7F57E21027D53FBD00EBB5ED /* DetailSection.swift */ = {isa = PBXFileReference; lastKnownFileType = sourcecode.swift; path = DetailSection.swift; sourceTree = "<group>"; };
		7F57E21227D582C900EBB5ED /* CircularFramedText.swift */ = {isa = PBXFileReference; lastKnownFileType = sourcecode.swift; path = CircularFramedText.swift; sourceTree = "<group>"; };
		7F57E21427D582E500EBB5ED /* FrameViewModel.swift */ = {isa = PBXFileReference; lastKnownFileType = sourcecode.swift; path = FrameViewModel.swift; sourceTree = "<group>"; };
		7F57E21727D586F000EBB5ED /* TitledCircularFramedText.swift */ = {isa = PBXFileReference; lastKnownFileType = sourcecode.swift; path = TitledCircularFramedText.swift; sourceTree = "<group>"; };
		7F57E21C27D5E4D600EBB5ED /* TextDisplay.swift */ = {isa = PBXFileReference; lastKnownFileType = sourcecode.swift; path = TextDisplay.swift; sourceTree = "<group>"; };
		7F57E21E27E1150A00EBB5ED /* RecordDetailView.swift */ = {isa = PBXFileReference; lastKnownFileType = sourcecode.swift; path = RecordDetailView.swift; sourceTree = "<group>"; };
		7F57E22027E11B7A00EBB5ED /* PreviewDataProvider.swift */ = {isa = PBXFileReference; lastKnownFileType = sourcecode.swift; path = PreviewDataProvider.swift; sourceTree = "<group>"; };
		7F57E22227E1200C00EBB5ED /* RecordType.swift */ = {isa = PBXFileReference; lastKnownFileType = sourcecode.swift; path = RecordType.swift; sourceTree = "<group>"; };
		7F57E22427E1253200EBB5ED /* DetailSubsection.swift */ = {isa = PBXFileReference; lastKnownFileType = sourcecode.swift; path = DetailSubsection.swift; sourceTree = "<group>"; };
		7F57E22727E12B5700EBB5ED /* SubraceRecordDetailScreen.swift */ = {isa = PBXFileReference; lastKnownFileType = sourcecode.swift; path = SubraceRecordDetailScreen.swift; sourceTree = "<group>"; };
		7F57E22C27E593FE00EBB5ED /* BorderedText.swift */ = {isa = PBXFileReference; lastKnownFileType = sourcecode.swift; path = BorderedText.swift; sourceTree = "<group>"; };
		7F5B313427C0BCE3003D079D /* Crit.app */ = {isa = PBXFileReference; explicitFileType = wrapper.application; includeInIndex = 0; path = Crit.app; sourceTree = BUILT_PRODUCTS_DIR; };
		7F5B313727C0BCE3003D079D /* CritApp.swift */ = {isa = PBXFileReference; lastKnownFileType = sourcecode.swift; path = CritApp.swift; sourceTree = "<group>"; };
		7F5B313927C0BCE3003D079D /* RecordsSearchScreen.swift */ = {isa = PBXFileReference; lastKnownFileType = sourcecode.swift; path = RecordsSearchScreen.swift; sourceTree = "<group>"; };
		7F5B313B27C0BCE6003D079D /* Assets.xcassets */ = {isa = PBXFileReference; lastKnownFileType = folder.assetcatalog; path = Assets.xcassets; sourceTree = "<group>"; };
		7F5B313E27C0BCE6003D079D /* Preview Assets.xcassets */ = {isa = PBXFileReference; lastKnownFileType = folder.assetcatalog; path = "Preview Assets.xcassets"; sourceTree = "<group>"; };
		7F5B314427C0BCE6003D079D /* CritTests.xctest */ = {isa = PBXFileReference; explicitFileType = wrapper.cfbundle; includeInIndex = 0; path = CritTests.xctest; sourceTree = BUILT_PRODUCTS_DIR; };
		7F5B314827C0BCE6003D079D /* CritTests.swift */ = {isa = PBXFileReference; lastKnownFileType = sourcecode.swift; path = CritTests.swift; sourceTree = "<group>"; };
		7F5B314E27C0BCE6003D079D /* CritUITests.xctest */ = {isa = PBXFileReference; explicitFileType = wrapper.cfbundle; includeInIndex = 0; path = CritUITests.xctest; sourceTree = BUILT_PRODUCTS_DIR; };
		7F5B315227C0BCE6003D079D /* CritUITests.swift */ = {isa = PBXFileReference; lastKnownFileType = sourcecode.swift; path = CritUITests.swift; sourceTree = "<group>"; };
		7F5B315427C0BCE6003D079D /* CritUITestsLaunchTests.swift */ = {isa = PBXFileReference; lastKnownFileType = sourcecode.swift; path = CritUITestsLaunchTests.swift; sourceTree = "<group>"; };
		7F5B316627C0BEB9003D079D /* CreatureSize.swift */ = {isa = PBXFileReference; lastKnownFileType = sourcecode.swift; path = CreatureSize.swift; sourceTree = "<group>"; };
		7F5B316E27C0BED4003D079D /* Sense.swift */ = {isa = PBXFileReference; lastKnownFileType = sourcecode.swift; path = Sense.swift; sourceTree = "<group>"; };
		7F5B317527C0C42C003D079D /* Record.swift */ = {isa = PBXFileReference; lastKnownFileType = sourcecode.swift; path = Record.swift; sourceTree = "<group>"; };
		7F5B317927C15054003D079D /* Source.swift */ = {isa = PBXFileReference; lastKnownFileType = sourcecode.swift; path = Source.swift; sourceTree = "<group>"; };
		7F5B317B27C15BE6003D079D /* LanguageRecord.swift */ = {isa = PBXFileReference; lastKnownFileType = sourcecode.swift; path = LanguageRecord.swift; sourceTree = "<group>"; };
		7F5B317E27C15C8C003D079D /* RaceRecord.swift */ = {isa = PBXFileReference; lastKnownFileType = sourcecode.swift; path = RaceRecord.swift; sourceTree = "<group>"; };
		7F5B318127C15CD8003D079D /* Feature.swift */ = {isa = PBXFileReference; lastKnownFileType = sourcecode.swift; path = Feature.swift; sourceTree = "<group>"; };
		7F5B318427C1617B003D079D /* SubraceRecord.swift */ = {isa = PBXFileReference; lastKnownFileType = sourcecode.swift; path = SubraceRecord.swift; sourceTree = "<group>"; };
		7F5B318727C3F5F5003D079D /* AppSettingsScreen.swift */ = {isa = PBXFileReference; lastKnownFileType = sourcecode.swift; path = AppSettingsScreen.swift; sourceTree = "<group>"; };
		7F612F6D27C403AB00C37867 /* languages.json */ = {isa = PBXFileReference; fileEncoding = 4; lastKnownFileType = text.json; path = languages.json; sourceTree = "<group>"; };
		7F612F6E27C403AB00C37867 /* weapons.json */ = {isa = PBXFileReference; fileEncoding = 4; lastKnownFileType = text.json; path = weapons.json; sourceTree = "<group>"; };
		7F612F6F27C403AB00C37867 /* traps.json */ = {isa = PBXFileReference; fileEncoding = 4; lastKnownFileType = text.json; path = traps.json; sourceTree = "<group>"; };
		7F612F7027C403AB00C37867 /* races.json */ = {isa = PBXFileReference; fileEncoding = 4; lastKnownFileType = text.json; path = races.json; sourceTree = "<group>"; };
		7F612F7127C403AB00C37867 /* feats.json */ = {isa = PBXFileReference; fileEncoding = 4; lastKnownFileType = text.json; path = feats.json; sourceTree = "<group>"; };
		7F612F7227C403AB00C37867 /* magicitems.json */ = {isa = PBXFileReference; fileEncoding = 4; lastKnownFileType = text.json; path = magicitems.json; sourceTree = "<group>"; };
		7F612F7327C403AB00C37867 /* items.json */ = {isa = PBXFileReference; fileEncoding = 4; lastKnownFileType = text.json; path = items.json; sourceTree = "<group>"; };
		7F612F7427C403AB00C37867 /* conditions.json */ = {isa = PBXFileReference; fileEncoding = 4; lastKnownFileType = text.json; path = conditions.json; sourceTree = "<group>"; };
		7F612F7527C403AB00C37867 /* tools.json */ = {isa = PBXFileReference; fileEncoding = 4; lastKnownFileType = text.json; path = tools.json; sourceTree = "<group>"; };
		7F612F7627C403AB00C37867 /* classes.json */ = {isa = PBXFileReference; fileEncoding = 4; lastKnownFileType = text.json; path = classes.json; sourceTree = "<group>"; };
		7F612F7727C403AB00C37867 /* backgrounds.json */ = {isa = PBXFileReference; fileEncoding = 4; lastKnownFileType = text.json; path = backgrounds.json; sourceTree = "<group>"; };
		7F612F7827C403AB00C37867 /* packs.json */ = {isa = PBXFileReference; fileEncoding = 4; lastKnownFileType = text.json; path = packs.json; sourceTree = "<group>"; };
		7F612F7927C403AB00C37867 /* diseases.json */ = {isa = PBXFileReference; fileEncoding = 4; lastKnownFileType = text.json; path = diseases.json; sourceTree = "<group>"; };
		7F612F7A27C403AB00C37867 /* tables.json */ = {isa = PBXFileReference; fileEncoding = 4; lastKnownFileType = text.json; path = tables.json; sourceTree = "<group>"; };
		7F612F7B27C403AB00C37867 /* shields.json */ = {isa = PBXFileReference; fileEncoding = 4; lastKnownFileType = text.json; path = shields.json; sourceTree = "<group>"; };
		7F612F7C27C403AB00C37867 /* subclasses.json */ = {isa = PBXFileReference; fileEncoding = 4; lastKnownFileType = text.json; path = subclasses.json; sourceTree = "<group>"; };
		7F612F7D27C403AB00C37867 /* rules.json */ = {isa = PBXFileReference; fileEncoding = 4; lastKnownFileType = text.json; path = rules.json; sourceTree = "<group>"; };
		7F612F7E27C403AB00C37867 /* poisons.json */ = {isa = PBXFileReference; fileEncoding = 4; lastKnownFileType = text.json; path = poisons.json; sourceTree = "<group>"; };
		7F612F7F27C403AB00C37867 /* subraces.json */ = {isa = PBXFileReference; fileEncoding = 4; lastKnownFileType = text.json; path = subraces.json; sourceTree = "<group>"; };
		7F612F8027C403AB00C37867 /* armors.json */ = {isa = PBXFileReference; fileEncoding = 4; lastKnownFileType = text.json; path = armors.json; sourceTree = "<group>"; };
		7F612F8127C403AB00C37867 /* creatures.json */ = {isa = PBXFileReference; fileEncoding = 4; lastKnownFileType = text.json; path = creatures.json; sourceTree = "<group>"; };
		7F612F8227C403AB00C37867 /* spells.json */ = {isa = PBXFileReference; fileEncoding = 4; lastKnownFileType = text.json; path = spells.json; sourceTree = "<group>"; };
		7F612F9927C40C8100C37867 /* AbilityScoreModifier.swift */ = {isa = PBXFileReference; lastKnownFileType = sourcecode.swift; path = AbilityScoreModifier.swift; sourceTree = "<group>"; };
		7F612F9B27C40CCE00C37867 /* Stat.swift */ = {isa = PBXFileReference; lastKnownFileType = sourcecode.swift; path = Stat.swift; sourceTree = "<group>"; };
		7F612F9D27C40F3100C37867 /* AbilityScore.swift */ = {isa = PBXFileReference; lastKnownFileType = sourcecode.swift; path = AbilityScore.swift; sourceTree = "<group>"; };
		7F612FA127C4406D00C37867 /* ErrorLog.swift */ = {isa = PBXFileReference; lastKnownFileType = sourcecode.swift; path = ErrorLog.swift; sourceTree = "<group>"; };
		7F612FA327C4413200C37867 /* ErrorLogLine.swift */ = {isa = PBXFileReference; lastKnownFileType = sourcecode.swift; path = ErrorLogLine.swift; sourceTree = "<group>"; };
		7F6C8B3327CC389A00AA96C0 /* JSONError.swift */ = {isa = PBXFileReference; lastKnownFileType = sourcecode.swift; path = JSONError.swift; sourceTree = "<group>"; };
		7F70CC7D27E62AD20083F0B9 /* Color.swift */ = {isa = PBXFileReference; lastKnownFileType = sourcecode.swift; path = Color.swift; sourceTree = "<group>"; };
		7FF62C9B27E6AFE300BA9FAC /* PillView.swift */ = {isa = PBXFileReference; lastKnownFileType = sourcecode.swift; path = PillView.swift; sourceTree = "<group>"; };
		7FF62C9D27E6AFF300BA9FAC /* PillState.swift */ = {isa = PBXFileReference; lastKnownFileType = sourcecode.swift; path = PillState.swift; sourceTree = "<group>"; };
		7FF62CA127E6CFB600BA9FAC /* PillViewModel.swift */ = {isa = PBXFileReference; lastKnownFileType = sourcecode.swift; path = PillViewModel.swift; sourceTree = "<group>"; };
		7FF62CA427E6E88F00BA9FAC /* AbilityScoreModifierGrid.swift */ = {isa = PBXFileReference; lastKnownFileType = sourcecode.swift; path = AbilityScoreModifierGrid.swift; sourceTree = "<group>"; };
/* End PBXFileReference section */

/* Begin PBXFrameworksBuildPhase section */
		7F5B313127C0BCE3003D079D /* Frameworks */ = {
			isa = PBXFrameworksBuildPhase;
			buildActionMask = 2147483647;
			files = (
				7F5B317427C0C205003D079D /* RealmSwift in Frameworks */,
				7F5B317227C0C205003D079D /* Realm in Frameworks */,
			);
			runOnlyForDeploymentPostprocessing = 0;
		};
		7F5B314127C0BCE6003D079D /* Frameworks */ = {
			isa = PBXFrameworksBuildPhase;
			buildActionMask = 2147483647;
			files = (
			);
			runOnlyForDeploymentPostprocessing = 0;
		};
		7F5B314B27C0BCE6003D079D /* Frameworks */ = {
			isa = PBXFrameworksBuildPhase;
			buildActionMask = 2147483647;
			files = (
			);
			runOnlyForDeploymentPostprocessing = 0;
		};
/* End PBXFrameworksBuildPhase section */

/* Begin PBXGroup section */
		7F57E1F227D0A19A00EBB5ED /* Extensions */ = {
			isa = PBXGroup;
			children = (
				7F57E1F027D0A19000EBB5ED /* Array.swift */,
			);
			path = Extensions;
			sourceTree = "<group>";
		};
		7F57E1F327D0A38C00EBB5ED /* AbilityScore */ = {
			isa = PBXGroup;
			children = (
				7F612F9D27C40F3100C37867 /* AbilityScore.swift */,
				7F612F9927C40C8100C37867 /* AbilityScoreModifier.swift */,
				7F612F9B27C40CCE00C37867 /* Stat.swift */,
			);
			path = AbilityScore;
			sourceTree = "<group>";
		};
		7F57E1F427D0A3A200EBB5ED /* Gameplay */ = {
			isa = PBXGroup;
			children = (
				7F5B316627C0BEB9003D079D /* CreatureSize.swift */,
				7F5B318127C15CD8003D079D /* Feature.swift */,
				7F5B316E27C0BED4003D079D /* Sense.swift */,
				7F5B317927C15054003D079D /* Source.swift */,
				7F57E1F327D0A38C00EBB5ED /* AbilityScore */,
			);
			path = Gameplay;
			sourceTree = "<group>";
		};
		7F57E1F527D0A45700EBB5ED /* Search */ = {
			isa = PBXGroup;
			children = (
				7F5B313927C0BCE3003D079D /* RecordsSearchScreen.swift */,
				7F57E1F627D0A49000EBB5ED /* SearchResultCell.swift */,
				7F57E21E27E1150A00EBB5ED /* RecordDetailView.swift */,
			);
			path = Search;
			sourceTree = "<group>";
		};
		7F57E1FE27D51D7900EBB5ED /* Preview Helpers */ = {
			isa = PBXGroup;
			children = (
				7F57E1FF27D51D7900EBB5ED /* AccessibilityTextPreview.swift */,
				7F57E20027D51D7900EBB5ED /* iOSDevice.swift */,
				7F57E20127D51D7900EBB5ED /* OrientationPreview.swift */,
				7F57E20227D51D7900EBB5ED /* DevicePreview.swift */,
				7F57E20327D51D7900EBB5ED /* ColorSchemePreview.swift */,
			);
			path = "Preview Helpers";
			sourceTree = "<group>";
		};
		7F57E20F27D53CC700EBB5ED /* Screens */ = {
			isa = PBXGroup;
			children = (
				7F5B318727C3F5F5003D079D /* AppSettingsScreen.swift */,
				7F57E22627E12B3D00EBB5ED /* RecordDetailScreens */,
			);
			path = Screens;
			sourceTree = "<group>";
		};
		7F57E21627D5830600EBB5ED /* ViewModels */ = {
			isa = PBXGroup;
			children = (
				7F57E21427D582E500EBB5ED /* FrameViewModel.swift */,
			);
			path = ViewModels;
			sourceTree = "<group>";
		};
		7F57E21927D5E28C00EBB5ED /* Components */ = {
			isa = PBXGroup;
			children = (
				7F57E22C27E593FE00EBB5ED /* BorderedText.swift */,
				7F57E21C27D5E4D600EBB5ED /* TextDisplay.swift */,
				7F57E21027D53FBD00EBB5ED /* DetailSection.swift */,
				7F57E22427E1253200EBB5ED /* DetailSubsection.swift */,
				7F57E20D27D53CB200EBB5ED /* CircularFramedImage.swift */,
				7F57E21227D582C900EBB5ED /* CircularFramedText.swift */,
				7F57E21727D586F000EBB5ED /* TitledCircularFramedText.swift */,
				7F57E22B27E58A2300EBB5ED /* PillView */,
			);
			path = Components;
			sourceTree = "<group>";
		};
		7F57E22627E12B3D00EBB5ED /* RecordDetailScreens */ = {
			isa = PBXGroup;
			children = (
				7F57E1F827D51BE000EBB5ED /* LanguageRecordDetailScreen.swift */,
				7F57E22727E12B5700EBB5ED /* SubraceRecordDetailScreen.swift */,
			);
			path = RecordDetailScreens;
			sourceTree = "<group>";
		};
		7F57E22B27E58A2300EBB5ED /* PillView */ = {
			isa = PBXGroup;
			children = (
				7FF62C9D27E6AFF300BA9FAC /* PillState.swift */,
				7FF62CA127E6CFB600BA9FAC /* PillViewModel.swift */,
				7FF62C9B27E6AFE300BA9FAC /* PillView.swift */,
			);
			path = PillView;
			sourceTree = "<group>";
		};
		7F5B312B27C0BCE3003D079D = {
			isa = PBXGroup;
			children = (
				7F5B313627C0BCE3003D079D /* Crit */,
				7F5B314727C0BCE6003D079D /* CritTests */,
				7F5B315127C0BCE6003D079D /* CritUITests */,
				7F5B313527C0BCE3003D079D /* Products */,
			);
			sourceTree = "<group>";
		};
		7F5B313527C0BCE3003D079D /* Products */ = {
			isa = PBXGroup;
			children = (
				7F5B313427C0BCE3003D079D /* Crit.app */,
				7F5B314427C0BCE6003D079D /* CritTests.xctest */,
				7F5B314E27C0BCE6003D079D /* CritUITests.xctest */,
			);
			name = Products;
			sourceTree = "<group>";
		};
		7F5B313627C0BCE3003D079D /* Crit */ = {
			isa = PBXGroup;
			children = (
				7F612F3F27C4036300C37867 /* Data */,
				7F5B316127C0BCFD003D079D /* SwiftUI */,
				7F5B316527C0BEAC003D079D /* Design */,
				7F5B316427C0BE92003D079D /* Models */,
			);
			path = Crit;
			sourceTree = "<group>";
		};
		7F5B313D27C0BCE6003D079D /* Preview Content */ = {
			isa = PBXGroup;
			children = (
				7F57E1FE27D51D7900EBB5ED /* Preview Helpers */,
				7F57E22027E11B7A00EBB5ED /* PreviewDataProvider.swift */,
				7F5B313E27C0BCE6003D079D /* Preview Assets.xcassets */,
			);
			path = "Preview Content";
			sourceTree = "<group>";
		};
		7F5B314727C0BCE6003D079D /* CritTests */ = {
			isa = PBXGroup;
			children = (
				7F5B314827C0BCE6003D079D /* CritTests.swift */,
			);
			path = CritTests;
			sourceTree = "<group>";
		};
		7F5B315127C0BCE6003D079D /* CritUITests */ = {
			isa = PBXGroup;
			children = (
				7F5B315227C0BCE6003D079D /* CritUITests.swift */,
				7F5B315427C0BCE6003D079D /* CritUITestsLaunchTests.swift */,
			);
			path = CritUITests;
			sourceTree = "<group>";
		};
		7F5B316127C0BCFD003D079D /* SwiftUI */ = {
			isa = PBXGroup;
			children = (
				7F5B313727C0BCE3003D079D /* CritApp.swift */,
				7F57E21627D5830600EBB5ED /* ViewModels */,
				7F57E1F527D0A45700EBB5ED /* Search */,
				7F57E20F27D53CC700EBB5ED /* Screens */,
				7F57E21927D5E28C00EBB5ED /* Components */,
				7FF62CA327E6E80D00BA9FAC /* Views */,
				7F57E20B27D5288800EBB5ED /* CollapsableText.swift */,
				7F5B313D27C0BCE6003D079D /* Preview Content */,
			);
			path = SwiftUI;
			sourceTree = "<group>";
		};
		7F5B316427C0BE92003D079D /* Models */ = {
			isa = PBXGroup;
			children = (
				7F57E1F227D0A19A00EBB5ED /* Extensions */,
				7F612FA527CAAA9700C37867 /* Errors */,
				7F5B317727C0C435003D079D /* Protocols */,
				7F5B318027C15CA7003D079D /* Records */,
				7F57E1F427D0A3A200EBB5ED /* Gameplay */,
			);
			path = Models;
			sourceTree = "<group>";
		};
		7F5B316527C0BEAC003D079D /* Design */ = {
			isa = PBXGroup;
			children = (
				7F5B313B27C0BCE6003D079D /* Assets.xcassets */,
				7F57E1FC27D51C5400EBB5ED /* Constant.swift */,
				7F70CC7D27E62AD20083F0B9 /* Color.swift */,
			);
			path = Design;
			sourceTree = "<group>";
		};
		7F5B317727C0C435003D079D /* Protocols */ = {
			isa = PBXGroup;
			children = (
			);
			path = Protocols;
			sourceTree = "<group>";
		};
		7F5B318027C15CA7003D079D /* Records */ = {
			isa = PBXGroup;
			children = (
				7F5B317527C0C42C003D079D /* Record.swift */,
				7F5B317E27C15C8C003D079D /* RaceRecord.swift */,
				7F5B318427C1617B003D079D /* SubraceRecord.swift */,
				7F5B317B27C15BE6003D079D /* LanguageRecord.swift */,
				7F57E22227E1200C00EBB5ED /* RecordType.swift */,
			);
			path = Records;
			sourceTree = "<group>";
		};
		7F612F3F27C4036300C37867 /* Data */ = {
			isa = PBXGroup;
			children = (
				7F612F6C27C403AB00C37867 /* JSON */,
			);
			path = Data;
			sourceTree = "<group>";
		};
		7F612F6C27C403AB00C37867 /* JSON */ = {
			isa = PBXGroup;
			children = (
				7F612F8027C403AB00C37867 /* armors.json */,
				7F612F7727C403AB00C37867 /* backgrounds.json */,
				7F612F7627C403AB00C37867 /* classes.json */,
				7F612F7427C403AB00C37867 /* conditions.json */,
				7F612F8127C403AB00C37867 /* creatures.json */,
				7F612F7927C403AB00C37867 /* diseases.json */,
				7F612F7127C403AB00C37867 /* feats.json */,
				7F612F7327C403AB00C37867 /* items.json */,
				7F612F6D27C403AB00C37867 /* languages.json */,
				7F612F7227C403AB00C37867 /* magicitems.json */,
				7F612F7827C403AB00C37867 /* packs.json */,
				7F612F7E27C403AB00C37867 /* poisons.json */,
				7F612F7027C403AB00C37867 /* races.json */,
				7F612F7D27C403AB00C37867 /* rules.json */,
				7F612F7B27C403AB00C37867 /* shields.json */,
				7F612F8227C403AB00C37867 /* spells.json */,
				7F612F7C27C403AB00C37867 /* subclasses.json */,
				7F612F7F27C403AB00C37867 /* subraces.json */,
				7F612F7A27C403AB00C37867 /* tables.json */,
				7F612F7527C403AB00C37867 /* tools.json */,
				7F612F6F27C403AB00C37867 /* traps.json */,
				7F612F6E27C403AB00C37867 /* weapons.json */,
			);
			path = JSON;
			sourceTree = "<group>";
		};
		7F612FA527CAAA9700C37867 /* Errors */ = {
			isa = PBXGroup;
			children = (
				7F612FA627CAAAAC00C37867 /* ErrorLog */,
				7F6C8B3327CC389A00AA96C0 /* JSONError.swift */,
			);
			path = Errors;
			sourceTree = "<group>";
		};
		7F612FA627CAAAAC00C37867 /* ErrorLog */ = {
			isa = PBXGroup;
			children = (
				7F612FA127C4406D00C37867 /* ErrorLog.swift */,
				7F612FA327C4413200C37867 /* ErrorLogLine.swift */,
			);
			path = ErrorLog;
			sourceTree = "<group>";
		};
		7FF62CA327E6E80D00BA9FAC /* Views */ = {
			isa = PBXGroup;
			children = (
				7F57E20927D51F9E00EBB5ED /* DescriptiveTitleDisplayView.swift */,
				7FF62CA427E6E88F00BA9FAC /* AbilityScoreModifierGrid.swift */,
			);
			path = Views;
			sourceTree = "<group>";
		};
/* End PBXGroup section */

/* Begin PBXNativeTarget section */
		7F5B313327C0BCE3003D079D /* Crit */ = {
			isa = PBXNativeTarget;
			buildConfigurationList = 7F5B315827C0BCE6003D079D /* Build configuration list for PBXNativeTarget "Crit" */;
			buildPhases = (
				7F5B317827C0CC1D003D079D /* Swift Lint */,
				7F5B313027C0BCE3003D079D /* Sources */,
				7F5B313127C0BCE3003D079D /* Frameworks */,
				7F5B313227C0BCE3003D079D /* Resources */,
			);
			buildRules = (
			);
			dependencies = (
			);
			name = Crit;
			packageProductDependencies = (
				7F5B317127C0C205003D079D /* Realm */,
				7F5B317327C0C205003D079D /* RealmSwift */,
			);
			productName = Crit;
			productReference = 7F5B313427C0BCE3003D079D /* Crit.app */;
			productType = "com.apple.product-type.application";
		};
		7F5B314327C0BCE6003D079D /* CritTests */ = {
			isa = PBXNativeTarget;
			buildConfigurationList = 7F5B315B27C0BCE6003D079D /* Build configuration list for PBXNativeTarget "CritTests" */;
			buildPhases = (
				7F5B314027C0BCE6003D079D /* Sources */,
				7F5B314127C0BCE6003D079D /* Frameworks */,
				7F5B314227C0BCE6003D079D /* Resources */,
			);
			buildRules = (
			);
			dependencies = (
				7F5B314627C0BCE6003D079D /* PBXTargetDependency */,
			);
			name = CritTests;
			productName = CritTests;
			productReference = 7F5B314427C0BCE6003D079D /* CritTests.xctest */;
			productType = "com.apple.product-type.bundle.unit-test";
		};
		7F5B314D27C0BCE6003D079D /* CritUITests */ = {
			isa = PBXNativeTarget;
			buildConfigurationList = 7F5B315E27C0BCE6003D079D /* Build configuration list for PBXNativeTarget "CritUITests" */;
			buildPhases = (
				7F5B314A27C0BCE6003D079D /* Sources */,
				7F5B314B27C0BCE6003D079D /* Frameworks */,
				7F5B314C27C0BCE6003D079D /* Resources */,
			);
			buildRules = (
			);
			dependencies = (
				7F5B315027C0BCE6003D079D /* PBXTargetDependency */,
			);
			name = CritUITests;
			productName = CritUITests;
			productReference = 7F5B314E27C0BCE6003D079D /* CritUITests.xctest */;
			productType = "com.apple.product-type.bundle.ui-testing";
		};
/* End PBXNativeTarget section */

/* Begin PBXProject section */
		7F5B312C27C0BCE3003D079D /* Project object */ = {
			isa = PBXProject;
			attributes = {
				BuildIndependentTargetsInParallel = 1;
				LastSwiftUpdateCheck = 1320;
				LastUpgradeCheck = 1320;
				TargetAttributes = {
					7F5B313327C0BCE3003D079D = {
						CreatedOnToolsVersion = 13.2.1;
					};
					7F5B314327C0BCE6003D079D = {
						CreatedOnToolsVersion = 13.2.1;
						TestTargetID = 7F5B313327C0BCE3003D079D;
					};
					7F5B314D27C0BCE6003D079D = {
						CreatedOnToolsVersion = 13.2.1;
						TestTargetID = 7F5B313327C0BCE3003D079D;
					};
				};
			};
			buildConfigurationList = 7F5B312F27C0BCE3003D079D /* Build configuration list for PBXProject "Crit" */;
			compatibilityVersion = "Xcode 13.0";
			developmentRegion = en;
			hasScannedForEncodings = 0;
			knownRegions = (
				en,
				Base,
			);
			mainGroup = 7F5B312B27C0BCE3003D079D;
			packageReferences = (
				7F5B317027C0C205003D079D /* XCRemoteSwiftPackageReference "realm-swift" */,
			);
			productRefGroup = 7F5B313527C0BCE3003D079D /* Products */;
			projectDirPath = "";
			projectRoot = "";
			targets = (
				7F5B313327C0BCE3003D079D /* Crit */,
				7F5B314327C0BCE6003D079D /* CritTests */,
				7F5B314D27C0BCE6003D079D /* CritUITests */,
			);
		};
/* End PBXProject section */

/* Begin PBXResourcesBuildPhase section */
		7F5B313227C0BCE3003D079D /* Resources */ = {
			isa = PBXResourcesBuildPhase;
			buildActionMask = 2147483647;
			files = (
				7F612F8327C403AB00C37867 /* languages.json in Resources */,
				7F612F8A27C403AB00C37867 /* conditions.json in Resources */,
				7F612F8E27C403AB00C37867 /* packs.json in Resources */,
				7F612F8C27C403AB00C37867 /* classes.json in Resources */,
				7F612F8F27C403AB00C37867 /* diseases.json in Resources */,
				7F612F8427C403AB00C37867 /* weapons.json in Resources */,
				7F612F9827C403AB00C37867 /* spells.json in Resources */,
				7F612F8827C403AB00C37867 /* magicitems.json in Resources */,
				7F612F9127C403AB00C37867 /* shields.json in Resources */,
				7F612F8B27C403AB00C37867 /* tools.json in Resources */,
				7F612F8527C403AB00C37867 /* traps.json in Resources */,
				7F5B313F27C0BCE6003D079D /* Preview Assets.xcassets in Resources */,
				7F612F9627C403AB00C37867 /* armors.json in Resources */,
				7F612F9427C403AB00C37867 /* poisons.json in Resources */,
				7F612F8627C403AB00C37867 /* races.json in Resources */,
				7F612F9327C403AB00C37867 /* rules.json in Resources */,
				7F5B313C27C0BCE6003D079D /* Assets.xcassets in Resources */,
				7F612F9527C403AB00C37867 /* subraces.json in Resources */,
				7F612F9727C403AB00C37867 /* creatures.json in Resources */,
				7F612F9227C403AB00C37867 /* subclasses.json in Resources */,
				7F612F8727C403AB00C37867 /* feats.json in Resources */,
				7F612F8D27C403AB00C37867 /* backgrounds.json in Resources */,
				7F612F9027C403AB00C37867 /* tables.json in Resources */,
				7F612F8927C403AB00C37867 /* items.json in Resources */,
			);
			runOnlyForDeploymentPostprocessing = 0;
		};
		7F5B314227C0BCE6003D079D /* Resources */ = {
			isa = PBXResourcesBuildPhase;
			buildActionMask = 2147483647;
			files = (
			);
			runOnlyForDeploymentPostprocessing = 0;
		};
		7F5B314C27C0BCE6003D079D /* Resources */ = {
			isa = PBXResourcesBuildPhase;
			buildActionMask = 2147483647;
			files = (
			);
			runOnlyForDeploymentPostprocessing = 0;
		};
/* End PBXResourcesBuildPhase section */

/* Begin PBXShellScriptBuildPhase section */
		7F5B317827C0CC1D003D079D /* Swift Lint */ = {
			isa = PBXShellScriptBuildPhase;
			buildActionMask = 2147483647;
			files = (
			);
			inputFileListPaths = (
			);
			inputPaths = (
			);
			name = "Swift Lint";
			outputFileListPaths = (
			);
			outputPaths = (
			);
			runOnlyForDeploymentPostprocessing = 0;
			shellPath = /bin/sh;
			shellScript = "export PATH=\"$PATH:/opt/homebrew/bin\"\n\nif which swiftlint >/dev/null; then\n  swiftlint\nelse\n  echo \"warning: SwiftLint not installed, download from https://github.com/realm/SwiftLint\"\nfi\n";
		};
/* End PBXShellScriptBuildPhase section */

/* Begin PBXSourcesBuildPhase section */
		7F5B313027C0BCE3003D079D /* Sources */ = {
			isa = PBXSourcesBuildPhase;
			buildActionMask = 2147483647;
			files = (
				7F5B318527C1617B003D079D /* SubraceRecord.swift in Sources */,
				7F57E1FD27D51C5400EBB5ED /* Constant.swift in Sources */,
				7F57E1F127D0A19000EBB5ED /* Array.swift in Sources */,
				7F5B313A27C0BCE3003D079D /* RecordsSearchScreen.swift in Sources */,
				7F57E21827D586F000EBB5ED /* TitledCircularFramedText.swift in Sources */,
				7F57E22527E1253200EBB5ED /* DetailSubsection.swift in Sources */,
				7F57E20427D51D7900EBB5ED /* AccessibilityTextPreview.swift in Sources */,
				7F57E20527D51D7900EBB5ED /* iOSDevice.swift in Sources */,
				7F612F9E27C40F3100C37867 /* AbilityScore.swift in Sources */,
				7F57E22D27E593FE00EBB5ED /* BorderedText.swift in Sources */,
				7F57E21127D53FBD00EBB5ED /* DetailSection.swift in Sources */,
				7FF62C9C27E6AFE300BA9FAC /* PillView.swift in Sources */,
				7F6C8B3427CC389B00AA96C0 /* JSONError.swift in Sources */,
				7F5B317627C0C42C003D079D /* Record.swift in Sources */,
				7F57E22127E11B7A00EBB5ED /* PreviewDataProvider.swift in Sources */,
				7F57E22327E1200C00EBB5ED /* RecordType.swift in Sources */,
				7F5B318227C15CD8003D079D /* Feature.swift in Sources */,
				7F57E20627D51D7900EBB5ED /* OrientationPreview.swift in Sources */,
				7F70CC7E27E62AD20083F0B9 /* Color.swift in Sources */,
				7F5B313827C0BCE3003D079D /* CritApp.swift in Sources */,
				7F612FA227C4406D00C37867 /* ErrorLog.swift in Sources */,
				7F57E20C27D5288800EBB5ED /* CollapsableText.swift in Sources */,
				7F5B316F27C0BED4003D079D /* Sense.swift in Sources */,
				7F57E21D27D5E4D600EBB5ED /* TextDisplay.swift in Sources */,
				7F57E1F727D0A49000EBB5ED /* SearchResultCell.swift in Sources */,
				7F57E20827D51D7900EBB5ED /* ColorSchemePreview.swift in Sources */,
				7FF62CA527E6E88F00BA9FAC /* AbilityScoreModifierGrid.swift in Sources */,
				7F5B317C27C15BE6003D079D /* LanguageRecord.swift in Sources */,
				7F612F9C27C40CCE00C37867 /* Stat.swift in Sources */,
				7FF62C9E27E6AFF300BA9FAC /* PillState.swift in Sources */,
				7F57E20E27D53CB200EBB5ED /* CircularFramedImage.swift in Sources */,
				7F612FA427C4413200C37867 /* ErrorLogLine.swift in Sources */,
				7FF62CA227E6CFB600BA9FAC /* PillViewModel.swift in Sources */,
				7F57E20A27D51F9E00EBB5ED /* DescriptiveTitleDisplayView.swift in Sources */,
				7F57E20727D51D7900EBB5ED /* DevicePreview.swift in Sources */,
				7F5B318827C3F5F5003D079D /* AppSettingsScreen.swift in Sources */,
				7F5B317F27C15C8C003D079D /* RaceRecord.swift in Sources */,
				7F5B317A27C15054003D079D /* Source.swift in Sources */,
				7F57E21527D582E500EBB5ED /* FrameViewModel.swift in Sources */,
				7F57E21327D582C900EBB5ED /* CircularFramedText.swift in Sources */,
				7F57E21F27E1150A00EBB5ED /* RecordDetailView.swift in Sources */,
				7F612F9A27C40C8100C37867 /* AbilityScoreModifier.swift in Sources */,
				7F5B316727C0BEB9003D079D /* CreatureSize.swift in Sources */,
				7F57E1F927D51BE000EBB5ED /* LanguageRecordDetailScreen.swift in Sources */,
				7F57E22827E12B5700EBB5ED /* SubraceRecordDetailScreen.swift in Sources */,
			);
			runOnlyForDeploymentPostprocessing = 0;
		};
		7F5B314027C0BCE6003D079D /* Sources */ = {
			isa = PBXSourcesBuildPhase;
			buildActionMask = 2147483647;
			files = (
				7F5B314927C0BCE6003D079D /* CritTests.swift in Sources */,
			);
			runOnlyForDeploymentPostprocessing = 0;
		};
		7F5B314A27C0BCE6003D079D /* Sources */ = {
			isa = PBXSourcesBuildPhase;
			buildActionMask = 2147483647;
			files = (
				7F5B315527C0BCE6003D079D /* CritUITestsLaunchTests.swift in Sources */,
				7F5B315327C0BCE6003D079D /* CritUITests.swift in Sources */,
			);
			runOnlyForDeploymentPostprocessing = 0;
		};
/* End PBXSourcesBuildPhase section */

/* Begin PBXTargetDependency section */
		7F5B314627C0BCE6003D079D /* PBXTargetDependency */ = {
			isa = PBXTargetDependency;
			target = 7F5B313327C0BCE3003D079D /* Crit */;
			targetProxy = 7F5B314527C0BCE6003D079D /* PBXContainerItemProxy */;
		};
		7F5B315027C0BCE6003D079D /* PBXTargetDependency */ = {
			isa = PBXTargetDependency;
			target = 7F5B313327C0BCE3003D079D /* Crit */;
			targetProxy = 7F5B314F27C0BCE6003D079D /* PBXContainerItemProxy */;
		};
/* End PBXTargetDependency section */

/* Begin XCBuildConfiguration section */
		7F5B315627C0BCE6003D079D /* Debug */ = {
			isa = XCBuildConfiguration;
			buildSettings = {
				ALWAYS_SEARCH_USER_PATHS = NO;
				CLANG_ANALYZER_NONNULL = YES;
				CLANG_ANALYZER_NUMBER_OBJECT_CONVERSION = YES_AGGRESSIVE;
				CLANG_CXX_LANGUAGE_STANDARD = "gnu++17";
				CLANG_CXX_LIBRARY = "libc++";
				CLANG_ENABLE_MODULES = YES;
				CLANG_ENABLE_OBJC_ARC = YES;
				CLANG_ENABLE_OBJC_WEAK = YES;
				CLANG_WARN_BLOCK_CAPTURE_AUTORELEASING = YES;
				CLANG_WARN_BOOL_CONVERSION = YES;
				CLANG_WARN_COMMA = YES;
				CLANG_WARN_CONSTANT_CONVERSION = YES;
				CLANG_WARN_DEPRECATED_OBJC_IMPLEMENTATIONS = YES;
				CLANG_WARN_DIRECT_OBJC_ISA_USAGE = YES_ERROR;
				CLANG_WARN_DOCUMENTATION_COMMENTS = YES;
				CLANG_WARN_EMPTY_BODY = YES;
				CLANG_WARN_ENUM_CONVERSION = YES;
				CLANG_WARN_INFINITE_RECURSION = YES;
				CLANG_WARN_INT_CONVERSION = YES;
				CLANG_WARN_NON_LITERAL_NULL_CONVERSION = YES;
				CLANG_WARN_OBJC_IMPLICIT_RETAIN_SELF = YES;
				CLANG_WARN_OBJC_LITERAL_CONVERSION = YES;
				CLANG_WARN_OBJC_ROOT_CLASS = YES_ERROR;
				CLANG_WARN_QUOTED_INCLUDE_IN_FRAMEWORK_HEADER = YES;
				CLANG_WARN_RANGE_LOOP_ANALYSIS = YES;
				CLANG_WARN_STRICT_PROTOTYPES = YES;
				CLANG_WARN_SUSPICIOUS_MOVE = YES;
				CLANG_WARN_UNGUARDED_AVAILABILITY = YES_AGGRESSIVE;
				CLANG_WARN_UNREACHABLE_CODE = YES;
				CLANG_WARN__DUPLICATE_METHOD_MATCH = YES;
				COPY_PHASE_STRIP = NO;
				DEBUG_INFORMATION_FORMAT = dwarf;
				ENABLE_STRICT_OBJC_MSGSEND = YES;
				ENABLE_TESTABILITY = YES;
				GCC_C_LANGUAGE_STANDARD = gnu11;
				GCC_DYNAMIC_NO_PIC = NO;
				GCC_NO_COMMON_BLOCKS = YES;
				GCC_OPTIMIZATION_LEVEL = 0;
				GCC_PREPROCESSOR_DEFINITIONS = (
					"DEBUG=1",
					"$(inherited)",
				);
				GCC_WARN_64_TO_32_BIT_CONVERSION = YES;
				GCC_WARN_ABOUT_RETURN_TYPE = YES_ERROR;
				GCC_WARN_UNDECLARED_SELECTOR = YES;
				GCC_WARN_UNINITIALIZED_AUTOS = YES_AGGRESSIVE;
				GCC_WARN_UNUSED_FUNCTION = YES;
				GCC_WARN_UNUSED_VARIABLE = YES;
				IPHONEOS_DEPLOYMENT_TARGET = 15.2;
				MTL_ENABLE_DEBUG_INFO = INCLUDE_SOURCE;
				MTL_FAST_MATH = YES;
				ONLY_ACTIVE_ARCH = YES;
				SDKROOT = iphoneos;
				SWIFT_ACTIVE_COMPILATION_CONDITIONS = DEBUG;
				SWIFT_OPTIMIZATION_LEVEL = "-Onone";
			};
			name = Debug;
		};
		7F5B315727C0BCE6003D079D /* Release */ = {
			isa = XCBuildConfiguration;
			buildSettings = {
				ALWAYS_SEARCH_USER_PATHS = NO;
				CLANG_ANALYZER_NONNULL = YES;
				CLANG_ANALYZER_NUMBER_OBJECT_CONVERSION = YES_AGGRESSIVE;
				CLANG_CXX_LANGUAGE_STANDARD = "gnu++17";
				CLANG_CXX_LIBRARY = "libc++";
				CLANG_ENABLE_MODULES = YES;
				CLANG_ENABLE_OBJC_ARC = YES;
				CLANG_ENABLE_OBJC_WEAK = YES;
				CLANG_WARN_BLOCK_CAPTURE_AUTORELEASING = YES;
				CLANG_WARN_BOOL_CONVERSION = YES;
				CLANG_WARN_COMMA = YES;
				CLANG_WARN_CONSTANT_CONVERSION = YES;
				CLANG_WARN_DEPRECATED_OBJC_IMPLEMENTATIONS = YES;
				CLANG_WARN_DIRECT_OBJC_ISA_USAGE = YES_ERROR;
				CLANG_WARN_DOCUMENTATION_COMMENTS = YES;
				CLANG_WARN_EMPTY_BODY = YES;
				CLANG_WARN_ENUM_CONVERSION = YES;
				CLANG_WARN_INFINITE_RECURSION = YES;
				CLANG_WARN_INT_CONVERSION = YES;
				CLANG_WARN_NON_LITERAL_NULL_CONVERSION = YES;
				CLANG_WARN_OBJC_IMPLICIT_RETAIN_SELF = YES;
				CLANG_WARN_OBJC_LITERAL_CONVERSION = YES;
				CLANG_WARN_OBJC_ROOT_CLASS = YES_ERROR;
				CLANG_WARN_QUOTED_INCLUDE_IN_FRAMEWORK_HEADER = YES;
				CLANG_WARN_RANGE_LOOP_ANALYSIS = YES;
				CLANG_WARN_STRICT_PROTOTYPES = YES;
				CLANG_WARN_SUSPICIOUS_MOVE = YES;
				CLANG_WARN_UNGUARDED_AVAILABILITY = YES_AGGRESSIVE;
				CLANG_WARN_UNREACHABLE_CODE = YES;
				CLANG_WARN__DUPLICATE_METHOD_MATCH = YES;
				COPY_PHASE_STRIP = NO;
				DEBUG_INFORMATION_FORMAT = "dwarf-with-dsym";
				ENABLE_NS_ASSERTIONS = NO;
				ENABLE_STRICT_OBJC_MSGSEND = YES;
				GCC_C_LANGUAGE_STANDARD = gnu11;
				GCC_NO_COMMON_BLOCKS = YES;
				GCC_WARN_64_TO_32_BIT_CONVERSION = YES;
				GCC_WARN_ABOUT_RETURN_TYPE = YES_ERROR;
				GCC_WARN_UNDECLARED_SELECTOR = YES;
				GCC_WARN_UNINITIALIZED_AUTOS = YES_AGGRESSIVE;
				GCC_WARN_UNUSED_FUNCTION = YES;
				GCC_WARN_UNUSED_VARIABLE = YES;
				IPHONEOS_DEPLOYMENT_TARGET = 15.2;
				MTL_ENABLE_DEBUG_INFO = NO;
				MTL_FAST_MATH = YES;
				SDKROOT = iphoneos;
				SWIFT_COMPILATION_MODE = wholemodule;
				SWIFT_OPTIMIZATION_LEVEL = "-O";
				VALIDATE_PRODUCT = YES;
			};
			name = Release;
		};
		7F5B315927C0BCE6003D079D /* Debug */ = {
			isa = XCBuildConfiguration;
			buildSettings = {
				ASSETCATALOG_COMPILER_APPICON_NAME = AppIcon;
				ASSETCATALOG_COMPILER_GLOBAL_ACCENT_COLOR_NAME = AccentColor;
				CODE_SIGN_STYLE = Automatic;
				CURRENT_PROJECT_VERSION = 1;
				DEVELOPMENT_ASSET_PATHS = "\"Crit/SwiftUI/Preview Content\"";
				DEVELOPMENT_TEAM = VNA55J4REY;
				ENABLE_PREVIEWS = YES;
				GENERATE_INFOPLIST_FILE = YES;
				INFOPLIST_KEY_UIApplicationSceneManifest_Generation = YES;
				INFOPLIST_KEY_UIApplicationSupportsIndirectInputEvents = YES;
				INFOPLIST_KEY_UILaunchScreen_Generation = YES;
				INFOPLIST_KEY_UISupportedInterfaceOrientations_iPad = "UIInterfaceOrientationPortrait UIInterfaceOrientationPortraitUpsideDown UIInterfaceOrientationLandscapeLeft UIInterfaceOrientationLandscapeRight";
				INFOPLIST_KEY_UISupportedInterfaceOrientations_iPhone = "UIInterfaceOrientationPortrait UIInterfaceOrientationLandscapeLeft UIInterfaceOrientationLandscapeRight";
				LD_RUNPATH_SEARCH_PATHS = (
					"$(inherited)",
					"@executable_path/Frameworks",
				);
				MARKETING_VERSION = 1.0;
				PRODUCT_BUNDLE_IDENTIFIER = com.ikemattice.Crit;
				PRODUCT_NAME = "$(TARGET_NAME)";
				SWIFT_EMIT_LOC_STRINGS = YES;
				SWIFT_VERSION = 5.0;
				TARGETED_DEVICE_FAMILY = "1,2";
			};
			name = Debug;
		};
		7F5B315A27C0BCE6003D079D /* Release */ = {
			isa = XCBuildConfiguration;
			buildSettings = {
				ASSETCATALOG_COMPILER_APPICON_NAME = AppIcon;
				ASSETCATALOG_COMPILER_GLOBAL_ACCENT_COLOR_NAME = AccentColor;
				CODE_SIGN_STYLE = Automatic;
				CURRENT_PROJECT_VERSION = 1;
				DEVELOPMENT_ASSET_PATHS = "\"Crit/SwiftUI/Preview Content\"";
				DEVELOPMENT_TEAM = VNA55J4REY;
				ENABLE_PREVIEWS = YES;
				GENERATE_INFOPLIST_FILE = YES;
				INFOPLIST_KEY_UIApplicationSceneManifest_Generation = YES;
				INFOPLIST_KEY_UIApplicationSupportsIndirectInputEvents = YES;
				INFOPLIST_KEY_UILaunchScreen_Generation = YES;
				INFOPLIST_KEY_UISupportedInterfaceOrientations_iPad = "UIInterfaceOrientationPortrait UIInterfaceOrientationPortraitUpsideDown UIInterfaceOrientationLandscapeLeft UIInterfaceOrientationLandscapeRight";
				INFOPLIST_KEY_UISupportedInterfaceOrientations_iPhone = "UIInterfaceOrientationPortrait UIInterfaceOrientationLandscapeLeft UIInterfaceOrientationLandscapeRight";
				LD_RUNPATH_SEARCH_PATHS = (
					"$(inherited)",
					"@executable_path/Frameworks",
				);
				MARKETING_VERSION = 1.0;
				PRODUCT_BUNDLE_IDENTIFIER = com.ikemattice.Crit;
				PRODUCT_NAME = "$(TARGET_NAME)";
				SWIFT_EMIT_LOC_STRINGS = YES;
				SWIFT_VERSION = 5.0;
				TARGETED_DEVICE_FAMILY = "1,2";
			};
			name = Release;
		};
		7F5B315C27C0BCE6003D079D /* Debug */ = {
			isa = XCBuildConfiguration;
			buildSettings = {
				ALWAYS_EMBED_SWIFT_STANDARD_LIBRARIES = YES;
				BUNDLE_LOADER = "$(TEST_HOST)";
				CODE_SIGN_STYLE = Automatic;
				CURRENT_PROJECT_VERSION = 1;
				DEVELOPMENT_TEAM = VNA55J4REY;
				GENERATE_INFOPLIST_FILE = YES;
				IPHONEOS_DEPLOYMENT_TARGET = 15.2;
				MARKETING_VERSION = 1.0;
				PRODUCT_BUNDLE_IDENTIFIER = com.ikemattice.CritTests;
				PRODUCT_NAME = "$(TARGET_NAME)";
				SWIFT_EMIT_LOC_STRINGS = NO;
				SWIFT_VERSION = 5.0;
				TARGETED_DEVICE_FAMILY = "1,2";
				TEST_HOST = "$(BUILT_PRODUCTS_DIR)/Crit.app/Crit";
			};
			name = Debug;
		};
		7F5B315D27C0BCE6003D079D /* Release */ = {
			isa = XCBuildConfiguration;
			buildSettings = {
				ALWAYS_EMBED_SWIFT_STANDARD_LIBRARIES = YES;
				BUNDLE_LOADER = "$(TEST_HOST)";
				CODE_SIGN_STYLE = Automatic;
				CURRENT_PROJECT_VERSION = 1;
				DEVELOPMENT_TEAM = VNA55J4REY;
				GENERATE_INFOPLIST_FILE = YES;
				IPHONEOS_DEPLOYMENT_TARGET = 15.2;
				MARKETING_VERSION = 1.0;
				PRODUCT_BUNDLE_IDENTIFIER = com.ikemattice.CritTests;
				PRODUCT_NAME = "$(TARGET_NAME)";
				SWIFT_EMIT_LOC_STRINGS = NO;
				SWIFT_VERSION = 5.0;
				TARGETED_DEVICE_FAMILY = "1,2";
				TEST_HOST = "$(BUILT_PRODUCTS_DIR)/Crit.app/Crit";
			};
			name = Release;
		};
		7F5B315F27C0BCE6003D079D /* Debug */ = {
			isa = XCBuildConfiguration;
			buildSettings = {
				ALWAYS_EMBED_SWIFT_STANDARD_LIBRARIES = YES;
				CODE_SIGN_STYLE = Automatic;
				CURRENT_PROJECT_VERSION = 1;
				DEVELOPMENT_TEAM = VNA55J4REY;
				GENERATE_INFOPLIST_FILE = YES;
				MARKETING_VERSION = 1.0;
				PRODUCT_BUNDLE_IDENTIFIER = com.ikemattice.CritUITests;
				PRODUCT_NAME = "$(TARGET_NAME)";
				SWIFT_EMIT_LOC_STRINGS = NO;
				SWIFT_VERSION = 5.0;
				TARGETED_DEVICE_FAMILY = "1,2";
				TEST_TARGET_NAME = Crit;
			};
			name = Debug;
		};
		7F5B316027C0BCE6003D079D /* Release */ = {
			isa = XCBuildConfiguration;
			buildSettings = {
				ALWAYS_EMBED_SWIFT_STANDARD_LIBRARIES = YES;
				CODE_SIGN_STYLE = Automatic;
				CURRENT_PROJECT_VERSION = 1;
				DEVELOPMENT_TEAM = VNA55J4REY;
				GENERATE_INFOPLIST_FILE = YES;
				MARKETING_VERSION = 1.0;
				PRODUCT_BUNDLE_IDENTIFIER = com.ikemattice.CritUITests;
				PRODUCT_NAME = "$(TARGET_NAME)";
				SWIFT_EMIT_LOC_STRINGS = NO;
				SWIFT_VERSION = 5.0;
				TARGETED_DEVICE_FAMILY = "1,2";
				TEST_TARGET_NAME = Crit;
			};
			name = Release;
		};
/* End XCBuildConfiguration section */

/* Begin XCConfigurationList section */
		7F5B312F27C0BCE3003D079D /* Build configuration list for PBXProject "Crit" */ = {
			isa = XCConfigurationList;
			buildConfigurations = (
				7F5B315627C0BCE6003D079D /* Debug */,
				7F5B315727C0BCE6003D079D /* Release */,
			);
			defaultConfigurationIsVisible = 0;
			defaultConfigurationName = Release;
		};
		7F5B315827C0BCE6003D079D /* Build configuration list for PBXNativeTarget "Crit" */ = {
			isa = XCConfigurationList;
			buildConfigurations = (
				7F5B315927C0BCE6003D079D /* Debug */,
				7F5B315A27C0BCE6003D079D /* Release */,
			);
			defaultConfigurationIsVisible = 0;
			defaultConfigurationName = Release;
		};
		7F5B315B27C0BCE6003D079D /* Build configuration list for PBXNativeTarget "CritTests" */ = {
			isa = XCConfigurationList;
			buildConfigurations = (
				7F5B315C27C0BCE6003D079D /* Debug */,
				7F5B315D27C0BCE6003D079D /* Release */,
			);
			defaultConfigurationIsVisible = 0;
			defaultConfigurationName = Release;
		};
		7F5B315E27C0BCE6003D079D /* Build configuration list for PBXNativeTarget "CritUITests" */ = {
			isa = XCConfigurationList;
			buildConfigurations = (
				7F5B315F27C0BCE6003D079D /* Debug */,
				7F5B316027C0BCE6003D079D /* Release */,
			);
			defaultConfigurationIsVisible = 0;
			defaultConfigurationName = Release;
		};
/* End XCConfigurationList section */

/* Begin XCRemoteSwiftPackageReference section */
		7F5B317027C0C205003D079D /* XCRemoteSwiftPackageReference "realm-swift" */ = {
			isa = XCRemoteSwiftPackageReference;
			repositoryURL = "https://github.com/realm/realm-swift.git";
			requirement = {
				kind = upToNextMajorVersion;
				minimumVersion = 10.0.0;
			};
		};
/* End XCRemoteSwiftPackageReference section */

/* Begin XCSwiftPackageProductDependency section */
		7F5B317127C0C205003D079D /* Realm */ = {
			isa = XCSwiftPackageProductDependency;
			package = 7F5B317027C0C205003D079D /* XCRemoteSwiftPackageReference "realm-swift" */;
			productName = Realm;
		};
		7F5B317327C0C205003D079D /* RealmSwift */ = {
			isa = XCSwiftPackageProductDependency;
			package = 7F5B317027C0C205003D079D /* XCRemoteSwiftPackageReference "realm-swift" */;
			productName = RealmSwift;
		};
/* End XCSwiftPackageProductDependency section */
	};
	rootObject = 7F5B312C27C0BCE3003D079D /* Project object */;
}
