{
  "pins" : [
    {
      "identity" : "imdevcore",
      "kind" : "remoteSourceControl",
      "location" : "https://github.com/imattice/IMDevCore",
      "state" : {
        "revision" : "b6920d38243109b590972bc8ad8e063915fee2e8",
        "version" : "0.0.1"
      }
    },
    {
      "identity" : "realm-core",
      "kind" : "remoteSourceControl",
      "location" : "https://github.com/realm/realm-core",
      "state" : {
        "revision" : "55a48c287b5e3a8ca129c257ec7e3b92bcb2a05f",
        "version" : "12.3.0"
      }
    },
    {
      "identity" : "realm-swift",
      "kind" : "remoteSourceControl",
      "location" : "https://github.com/realm/realm-swift.git",
      "state" : {
        "revision" : "2d5d121f6cf08aa84eeb076b653131a23f1edd6b",
        "version" : "10.28.3"
      }
    }
  ],
  "version" : 2
}
